// !$*UTF8*$!
{
	archiveVersion = 1;
	classes = {
	};
	objectVersion = 63;
	objects = {

/* Begin PBXBuildFile section */
		CB0236472D300FCA00B12729 /* FirebaseAnalytics in Frameworks */ = {isa = PBXBuildFile; productRef = CB0236462D300FCA00B12729 /* FirebaseAnalytics */; };
		CB0236492D300FDA00B12729 /* FirebaseCrashlytics in Frameworks */ = {isa = PBXBuildFile; productRef = CB0236482D300FDA00B12729 /* FirebaseCrashlytics */; };
		CB02364B2D300FE300B12729 /* SnapKit in Frameworks */ = {isa = PBXBuildFile; productRef = CB02364A2D300FE300B12729 /* SnapKit */; };
		CB02364D2D30101400B12729 /* FirebaseCore in Frameworks */ = {isa = PBXBuildFile; productRef = CB02364C2D30101400B12729 /* FirebaseCore */; };
		CB0236552D30104C00B12729 /* FirebaseAppDistribution-Beta in Frameworks */ = {isa = PBXBuildFile; productRef = CB0236542D30104C00B12729 /* FirebaseAppDistribution-Beta */; };
		CB0236572D30104C00B12729 /* FirebaseAuth in Frameworks */ = {isa = PBXBuildFile; productRef = CB0236562D30104C00B12729 /* FirebaseAuth */; };
		CB02365F2D30104C00B12729 /* FirebaseFirestore in Frameworks */ = {isa = PBXBuildFile; productRef = CB02365E2D30104C00B12729 /* FirebaseFirestore */; };
		CB0236632D30104C00B12729 /* FirebaseFunctions in Frameworks */ = {isa = PBXBuildFile; productRef = CB0236622D30104C00B12729 /* FirebaseFunctions */; };
		CB02366F2D30104C00B12729 /* FirebasePerformance in Frameworks */ = {isa = PBXBuildFile; productRef = CB02366E2D30104C00B12729 /* FirebasePerformance */; };
		CB0236712D30104C00B12729 /* FirebaseRemoteConfig in Frameworks */ = {isa = PBXBuildFile; productRef = CB0236702D30104C00B12729 /* FirebaseRemoteConfig */; };
		CB34AAFC2D3FF71D001BFAA0 /* AppDelegate.swift in Sources */ = {isa = PBXBuildFile; fileRef = CB34AAAA2D3FF71D001BFAA0 /* AppDelegate.swift */; };
		CB34AAFD2D3FF71D001BFAA0 /* SceneDelegate.swift in Sources */ = {isa = PBXBuildFile; fileRef = CB34AAB22D3FF71D001BFAA0 /* SceneDelegate.swift */; };
		CB34AAFE2D3FF71D001BFAA0 /* CacheManager.swift in Sources */ = {isa = PBXBuildFile; fileRef = CB34AAB42D3FF71D001BFAA0 /* CacheManager.swift */; };
		CB34AAFF2D3FF71D001BFAA0 /* CustomTextField.swift in Sources */ = {isa = PBXBuildFile; fileRef = CB34AAB62D3FF71D001BFAA0 /* CustomTextField.swift */; };
		CB34AB002D3FF71D001BFAA0 /* GradientButton.swift in Sources */ = {isa = PBXBuildFile; fileRef = CB34AAB72D3FF71D001BFAA0 /* GradientButton.swift */; };
		CB34AB012D3FF71D001BFAA0 /* SocialButton.swift in Sources */ = {isa = PBXBuildFile; fileRef = CB34AAB82D3FF71D001BFAA0 /* SocialButton.swift */; };
		CB34AB022D3FF71D001BFAA0 /* Colors.swift in Sources */ = {isa = PBXBuildFile; fileRef = CB34AABA2D3FF71D001BFAA0 /* Colors.swift */; };
		CB34AB032D3FF71D001BFAA0 /* CacheManager+Keys.swift in Sources */ = {isa = PBXBuildFile; fileRef = CB34AABC2D3FF71D001BFAA0 /* CacheManager+Keys.swift */; };
		CB34AB042D3FF71D001BFAA0 /* String+Localization.swift in Sources */ = {isa = PBXBuildFile; fileRef = CB34AABE2D3FF71D001BFAA0 /* String+Localization.swift */; };
		CB34AB052D3FF71D001BFAA0 /* UIButton+Border.swift in Sources */ = {isa = PBXBuildFile; fileRef = CB34AAC02D3FF71D001BFAA0 /* UIButton+Border.swift */; };
		CB34AB062D3FF71D001BFAA0 /* UIColor+Hex.swift in Sources */ = {isa = PBXBuildFile; fileRef = CB34AAC12D3FF71D001BFAA0 /* UIColor+Hex.swift */; };
		CB34AB072D3FF71D001BFAA0 /* UIView+RTL.swift in Sources */ = {isa = PBXBuildFile; fileRef = CB34AAC22D3FF71D001BFAA0 /* UIView+RTL.swift */; };
		CB34AB082D3FF71D001BFAA0 /* KeychainManager.swift in Sources */ = {isa = PBXBuildFile; fileRef = CB34AAC52D3FF71D001BFAA0 /* KeychainManager.swift */; };
		CB34AB092D3FF71D001BFAA0 /* UserManager.swift in Sources */ = {isa = PBXBuildFile; fileRef = CB34AAC62D3FF71D001BFAA0 /* UserManager.swift */; };
		CB34AB0A2D3FF71D001BFAA0 /* Typography.swift in Sources */ = {isa = PBXBuildFile; fileRef = CB34AAC82D3FF71D001BFAA0 /* Typography.swift */; };
		CB34AB0B2D3FF71D001BFAA0 /* CrashReporter.swift in Sources */ = {isa = PBXBuildFile; fileRef = CB34AACA2D3FF71D001BFAA0 /* CrashReporter.swift */; };
		CB34AB0C2D3FF71D001BFAA0 /* AuthEntity.swift in Sources */ = {isa = PBXBuildFile; fileRef = CB34AACE2D3FF71D001BFAA0 /* AuthEntity.swift */; };
		CB34AB0D2D3FF71D001BFAA0 /* LoginInteractor.swift in Sources */ = {isa = PBXBuildFile; fileRef = CB34AAD02D3FF71D001BFAA0 /* LoginInteractor.swift */; };
		CB34AB0E2D3FF71D001BFAA0 /* LoginPresenter.swift in Sources */ = {isa = PBXBuildFile; fileRef = CB34AAD22D3FF71D001BFAA0 /* LoginPresenter.swift */; };
		CB34AB0F2D3FF71D001BFAA0 /* LoginRouter.swift in Sources */ = {isa = PBXBuildFile; fileRef = CB34AAD42D3FF71D001BFAA0 /* LoginRouter.swift */; };
		CB34AB102D3FF71D001BFAA0 /* LoginViewController.swift in Sources */ = {isa = PBXBuildFile; fileRef = CB34AAD62D3FF71D001BFAA0 /* LoginViewController.swift */; };
		CB34AB112D3FF71D001BFAA0 /* LoginProtocols.swift in Sources */ = {isa = PBXBuildFile; fileRef = CB34AAD82D3FF71D001BFAA0 /* LoginProtocols.swift */; };
		CB34AB122D3FF71D001BFAA0 /* DiscoveryEntity.swift in Sources */ = {isa = PBXBuildFile; fileRef = CB34AADC2D3FF71D001BFAA0 /* DiscoveryEntity.swift */; };
		CB34AB132D3FF71D001BFAA0 /* DiscoveryInteractor.swift in Sources */ = {isa = PBXBuildFile; fileRef = CB34AADE2D3FF71D001BFAA0 /* DiscoveryInteractor.swift */; };
		CB34AB142D3FF71D001BFAA0 /* DiscoveryPresenter.swift in Sources */ = {isa = PBXBuildFile; fileRef = CB34AAE02D3FF71D001BFAA0 /* DiscoveryPresenter.swift */; };
		CB34AB152D3FF71D001BFAA0 /* DiscoveryRouter.swift in Sources */ = {isa = PBXBuildFile; fileRef = CB34AAE22D3FF71D001BFAA0 /* DiscoveryRouter.swift */; };
		CB34AB162D3FF71D001BFAA0 /* DiscoveryHorizontalCell.swift in Sources */ = {isa = PBXBuildFile; fileRef = CB34AAE42D3FF71D001BFAA0 /* DiscoveryHorizontalCell.swift */; };
		CB34AB172D3FF71D001BFAA0 /* DiscoveryTwoColumnCell.swift in Sources */ = {isa = PBXBuildFile; fileRef = CB34AAE52D3FF71D001BFAA0 /* DiscoveryTwoColumnCell.swift */; };
		CB34AB182D3FF71D001BFAA0 /* DiscoveryViewController.swift in Sources */ = {isa = PBXBuildFile; fileRef = CB34AAE72D3FF71D001BFAA0 /* DiscoveryViewController.swift */; };
		CB34AB192D3FF71D001BFAA0 /* DiscoveryProtocols.swift in Sources */ = {isa = PBXBuildFile; fileRef = CB34AAE92D3FF71D001BFAA0 /* DiscoveryProtocols.swift */; };
		CB34AB1A2D3FF71D001BFAA0 /* MainTabBarController.swift in Sources */ = {isa = PBXBuildFile; fileRef = CB34AAEB2D3FF71D001BFAA0 /* MainTabBarController.swift */; };
		CB34AB1B2D3FF71D001BFAA0 /* SplashViewController.swift in Sources */ = {isa = PBXBuildFile; fileRef = CB34AAED2D3FF71D001BFAA0 /* SplashViewController.swift */; };
		CB34AB1C2D3FF71D001BFAA0 /* Endpoint.swift in Sources */ = {isa = PBXBuildFile; fileRef = CB34AAF02D3FF71D001BFAA0 /* Endpoint.swift */; };
		CB34AB1D2D3FF71D001BFAA0 /* NetworkManager.swift in Sources */ = {isa = PBXBuildFile; fileRef = CB34AAF12D3FF71D001BFAA0 /* NetworkManager.swift */; };
		CB34AB1E2D3FF71D001BFAA0 /* AnalyticsManager.swift in Sources */ = {isa = PBXBuildFile; fileRef = CB34AAF82D3FF71D001BFAA0 /* AnalyticsManager.swift */; };
		CB34AB1F2D3FF71D001BFAA0 /* RemoteConfigManager.swift in Sources */ = {isa = PBXBuildFile; fileRef = CB34AAF92D3FF71D001BFAA0 /* RemoteConfigManager.swift */; };
		CB34AB202D3FF71D001BFAA0 /* Assets.xcassets in Resources */ = {isa = PBXBuildFile; fileRef = CB34AAAB2D3FF71D001BFAA0 /* Assets.xcassets */; };
		CB34AB212D3FF71D001BFAA0 /* GoogleService-Info.plist in Resources */ = {isa = PBXBuildFile; fileRef = CB34AAAC2D3FF71D001BFAA0 /* GoogleService-Info.plist */; };
		CB34AB232D3FF71D001BFAA0 /* LaunchScreen.storyboard in Resources */ = {isa = PBXBuildFile; fileRef = CB34AAAF2D3FF71D001BFAA0 /* LaunchScreen.storyboard */; };
		CB34AB242D3FF71D001BFAA0 /* Main.storyboard in Resources */ = {isa = PBXBuildFile; fileRef = CB34AAB12D3FF71D001BFAA0 /* Main.storyboard */; };
		CB34AB252D3FF71D001BFAA0 /* Localizable.strings in Resources */ = {isa = PBXBuildFile; fileRef = CB34AAF62D3FF71D001BFAA0 /* Localizable.strings */; };
		CB90B1832D48DB970052734A /* NetworkManagerTests.swift in Sources */ = {isa = PBXBuildFile; fileRef = CB90B16B2D48D96E0052734A /* NetworkManagerTests.swift */; };
		CB90B1842D48DBA70052734A /* DiscoveryInteractorTests.swift in Sources */ = {isa = PBXBuildFile; fileRef = CB90B1812D48DA670052734A /* DiscoveryInteractorTests.swift */; };
		CB90B1852D48DBAF0052734A /* LoginInteractorTests.swift in Sources */ = {isa = PBXBuildFile; fileRef = CB90B17F2D48DA4E0052734A /* LoginInteractorTests.swift */; };
		CB90B1862D48DBBB0052734A /* UserManagerTests.swift in Sources */ = {isa = PBXBuildFile; fileRef = CB90B1712D48D99E0052734A /* UserManagerTests.swift */; };
		CB90B1872D48DBBB0052734A /* KeychainManagerTests.swift in Sources */ = {isa = PBXBuildFile; fileRef = CB90B16F2D48D9970052734A /* KeychainManagerTests.swift */; };
		CB90B1882D48DBBB0052734A /* ApplicationManagerTests.swift in Sources */ = {isa = PBXBuildFile; fileRef = CB90B16D2D48D9830052734A /* ApplicationManagerTests.swift */; };
		CB90B1892D48DBC60052734A /* SocialButtonTests.swift in Sources */ = {isa = PBXBuildFile; fileRef = CB90B1792D48DA0C0052734A /* SocialButtonTests.swift */; };
		CB90B18A2D48DBC60052734A /* GradientButtonTests.swift in Sources */ = {isa = PBXBuildFile; fileRef = CB90B1772D48DA050052734A /* GradientButtonTests.swift */; };
		CB90B18B2D48DBC60052734A /* CustomTextFieldTests.swift in Sources */ = {isa = PBXBuildFile; fileRef = CB90B1752D48D9FA0052734A /* CustomTextFieldTests.swift */; };
		CB90B18D2D48DC150052734A /* ApplicationManager.swift in Sources */ = {isa = PBXBuildFile; fileRef = CB90B18C2D48DC150052734A /* ApplicationManager.swift */; };
		CBE36BCB2D3F8CB40015FD4C /* SDWebImage in Frameworks */ = {isa = PBXBuildFile; productRef = CBE36BCA2D3F8CB40015FD4C /* SDWebImage */; };
/* End PBXBuildFile section */

/* Begin PBXContainerItemProxy section */
		CB0235DA2D3001BD00B12729 /* PBXContainerItemProxy */ = {
			isa = PBXContainerItemProxy;
			containerPortal = CB0235BB2D3001BC00B12729 /* Project object */;
			proxyType = 1;
			remoteGlobalIDString = CB0235C22D3001BC00B12729;
			remoteInfo = DefineXHomeAssigment;
		};
		CB0235E42D3001BD00B12729 /* PBXContainerItemProxy */ = {
			isa = PBXContainerItemProxy;
			containerPortal = CB0235BB2D3001BC00B12729 /* Project object */;
			proxyType = 1;
			remoteGlobalIDString = CB0235C22D3001BC00B12729;
			remoteInfo = DefineXHomeAssigment;
		};
/* End PBXContainerItemProxy section */

/* Begin PBXFileReference section */
		CB0235C32D3001BC00B12729 /* DefineXHomeAssigment.app */ = {isa = PBXFileReference; explicitFileType = wrapper.application; includeInIndex = 0; path = DefineXHomeAssigment.app; sourceTree = BUILT_PRODUCTS_DIR; };
		CB0235D92D3001BD00B12729 /* DefineXHomeAssigmentTests.xctest */ = {isa = PBXFileReference; explicitFileType = wrapper.cfbundle; includeInIndex = 0; path = DefineXHomeAssigmentTests.xctest; sourceTree = BUILT_PRODUCTS_DIR; };
		CB0235E32D3001BD00B12729 /* DefineXHomeAssigmentUITests.xctest */ = {isa = PBXFileReference; explicitFileType = wrapper.cfbundle; includeInIndex = 0; path = DefineXHomeAssigmentUITests.xctest; sourceTree = BUILT_PRODUCTS_DIR; };
		CB34AAAA2D3FF71D001BFAA0 /* AppDelegate.swift */ = {isa = PBXFileReference; lastKnownFileType = sourcecode.swift; path = AppDelegate.swift; sourceTree = "<group>"; };
		CB34AAAB2D3FF71D001BFAA0 /* Assets.xcassets */ = {isa = PBXFileReference; lastKnownFileType = folder.assetcatalog; path = Assets.xcassets; sourceTree = "<group>"; };
		CB34AAAC2D3FF71D001BFAA0 /* GoogleService-Info.plist */ = {isa = PBXFileReference; lastKnownFileType = text.plist.xml; path = "GoogleService-Info.plist"; sourceTree = "<group>"; };
		CB34AAAD2D3FF71D001BFAA0 /* Info.plist */ = {isa = PBXFileReference; lastKnownFileType = text.plist.xml; path = Info.plist; sourceTree = "<group>"; };
		CB34AAAE2D3FF71D001BFAA0 /* Base */ = {isa = PBXFileReference; lastKnownFileType = file.storyboard; name = Base; path = Base.lproj/LaunchScreen.storyboard; sourceTree = "<group>"; };
		CB34AAB02D3FF71D001BFAA0 /* Base */ = {isa = PBXFileReference; lastKnownFileType = file.storyboard; name = Base; path = Base.lproj/Main.storyboard; sourceTree = "<group>"; };
		CB34AAB22D3FF71D001BFAA0 /* SceneDelegate.swift */ = {isa = PBXFileReference; lastKnownFileType = sourcecode.swift; path = SceneDelegate.swift; sourceTree = "<group>"; };
		CB34AAB42D3FF71D001BFAA0 /* CacheManager.swift */ = {isa = PBXFileReference; lastKnownFileType = sourcecode.swift; path = CacheManager.swift; sourceTree = "<group>"; };
		CB34AAB62D3FF71D001BFAA0 /* CustomTextField.swift */ = {isa = PBXFileReference; lastKnownFileType = sourcecode.swift; path = CustomTextField.swift; sourceTree = "<group>"; };
		CB34AAB72D3FF71D001BFAA0 /* GradientButton.swift */ = {isa = PBXFileReference; lastKnownFileType = sourcecode.swift; path = GradientButton.swift; sourceTree = "<group>"; };
		CB34AAB82D3FF71D001BFAA0 /* SocialButton.swift */ = {isa = PBXFileReference; lastKnownFileType = sourcecode.swift; path = SocialButton.swift; sourceTree = "<group>"; };
		CB34AABA2D3FF71D001BFAA0 /* Colors.swift */ = {isa = PBXFileReference; lastKnownFileType = sourcecode.swift; path = Colors.swift; sourceTree = "<group>"; };
		CB34AABC2D3FF71D001BFAA0 /* CacheManager+Keys.swift */ = {isa = PBXFileReference; lastKnownFileType = sourcecode.swift; path = "CacheManager+Keys.swift"; sourceTree = "<group>"; };
		CB34AABE2D3FF71D001BFAA0 /* String+Localization.swift */ = {isa = PBXFileReference; lastKnownFileType = sourcecode.swift; path = "String+Localization.swift"; sourceTree = "<group>"; };
		CB34AAC02D3FF71D001BFAA0 /* UIButton+Border.swift */ = {isa = PBXFileReference; lastKnownFileType = sourcecode.swift; path = "UIButton+Border.swift"; sourceTree = "<group>"; };
		CB34AAC12D3FF71D001BFAA0 /* UIColor+Hex.swift */ = {isa = PBXFileReference; lastKnownFileType = sourcecode.swift; path = "UIColor+Hex.swift"; sourceTree = "<group>"; };
		CB34AAC22D3FF71D001BFAA0 /* UIView+RTL.swift */ = {isa = PBXFileReference; lastKnownFileType = sourcecode.swift; path = "UIView+RTL.swift"; sourceTree = "<group>"; };
		CB34AAC52D3FF71D001BFAA0 /* KeychainManager.swift */ = {isa = PBXFileReference; lastKnownFileType = sourcecode.swift; path = KeychainManager.swift; sourceTree = "<group>"; };
		CB34AAC62D3FF71D001BFAA0 /* UserManager.swift */ = {isa = PBXFileReference; lastKnownFileType = sourcecode.swift; path = UserManager.swift; sourceTree = "<group>"; };
		CB34AAC82D3FF71D001BFAA0 /* Typography.swift */ = {isa = PBXFileReference; lastKnownFileType = sourcecode.swift; path = Typography.swift; sourceTree = "<group>"; };
		CB34AACA2D3FF71D001BFAA0 /* CrashReporter.swift */ = {isa = PBXFileReference; lastKnownFileType = sourcecode.swift; path = CrashReporter.swift; sourceTree = "<group>"; };
		CB34AACE2D3FF71D001BFAA0 /* AuthEntity.swift */ = {isa = PBXFileReference; lastKnownFileType = sourcecode.swift; path = AuthEntity.swift; sourceTree = "<group>"; };
		CB34AAD02D3FF71D001BFAA0 /* LoginInteractor.swift */ = {isa = PBXFileReference; lastKnownFileType = sourcecode.swift; path = LoginInteractor.swift; sourceTree = "<group>"; };
		CB34AAD22D3FF71D001BFAA0 /* LoginPresenter.swift */ = {isa = PBXFileReference; lastKnownFileType = sourcecode.swift; path = LoginPresenter.swift; sourceTree = "<group>"; };
		CB34AAD42D3FF71D001BFAA0 /* LoginRouter.swift */ = {isa = PBXFileReference; lastKnownFileType = sourcecode.swift; path = LoginRouter.swift; sourceTree = "<group>"; };
		CB34AAD62D3FF71D001BFAA0 /* LoginViewController.swift */ = {isa = PBXFileReference; lastKnownFileType = sourcecode.swift; path = LoginViewController.swift; sourceTree = "<group>"; };
		CB34AAD82D3FF71D001BFAA0 /* LoginProtocols.swift */ = {isa = PBXFileReference; lastKnownFileType = sourcecode.swift; path = LoginProtocols.swift; sourceTree = "<group>"; };
		CB34AADC2D3FF71D001BFAA0 /* DiscoveryEntity.swift */ = {isa = PBXFileReference; lastKnownFileType = sourcecode.swift; path = DiscoveryEntity.swift; sourceTree = "<group>"; };
		CB34AADE2D3FF71D001BFAA0 /* DiscoveryInteractor.swift */ = {isa = PBXFileReference; lastKnownFileType = sourcecode.swift; path = DiscoveryInteractor.swift; sourceTree = "<group>"; };
		CB34AAE02D3FF71D001BFAA0 /* DiscoveryPresenter.swift */ = {isa = PBXFileReference; lastKnownFileType = sourcecode.swift; path = DiscoveryPresenter.swift; sourceTree = "<group>"; };
		CB34AAE22D3FF71D001BFAA0 /* DiscoveryRouter.swift */ = {isa = PBXFileReference; lastKnownFileType = sourcecode.swift; path = DiscoveryRouter.swift; sourceTree = "<group>"; };
		CB34AAE42D3FF71D001BFAA0 /* DiscoveryHorizontalCell.swift */ = {isa = PBXFileReference; lastKnownFileType = sourcecode.swift; path = DiscoveryHorizontalCell.swift; sourceTree = "<group>"; };
		CB34AAE52D3FF71D001BFAA0 /* DiscoveryTwoColumnCell.swift */ = {isa = PBXFileReference; lastKnownFileType = sourcecode.swift; path = DiscoveryTwoColumnCell.swift; sourceTree = "<group>"; };
		CB34AAE72D3FF71D001BFAA0 /* DiscoveryViewController.swift */ = {isa = PBXFileReference; lastKnownFileType = sourcecode.swift; path = DiscoveryViewController.swift; sourceTree = "<group>"; };
		CB34AAE92D3FF71D001BFAA0 /* DiscoveryProtocols.swift */ = {isa = PBXFileReference; lastKnownFileType = sourcecode.swift; path = DiscoveryProtocols.swift; sourceTree = "<group>"; };
		CB34AAEB2D3FF71D001BFAA0 /* MainTabBarController.swift */ = {isa = PBXFileReference; lastKnownFileType = sourcecode.swift; path = MainTabBarController.swift; sourceTree = "<group>"; };
		CB34AAED2D3FF71D001BFAA0 /* SplashViewController.swift */ = {isa = PBXFileReference; lastKnownFileType = sourcecode.swift; path = SplashViewController.swift; sourceTree = "<group>"; };
		CB34AAF02D3FF71D001BFAA0 /* Endpoint.swift */ = {isa = PBXFileReference; lastKnownFileType = sourcecode.swift; path = Endpoint.swift; sourceTree = "<group>"; };
		CB34AAF12D3FF71D001BFAA0 /* NetworkManager.swift */ = {isa = PBXFileReference; lastKnownFileType = sourcecode.swift; path = NetworkManager.swift; sourceTree = "<group>"; };
		CB34AAF42D3FF71D001BFAA0 /* en */ = {isa = PBXFileReference; lastKnownFileType = text.plist.strings; name = en; path = en.lproj/Localizable.strings; sourceTree = "<group>"; };
		CB34AAF52D3FF71D001BFAA0 /* tr */ = {isa = PBXFileReference; lastKnownFileType = text.plist.strings; name = tr; path = tr.lproj/Localizable.strings; sourceTree = "<group>"; };
		CB34AAF82D3FF71D001BFAA0 /* AnalyticsManager.swift */ = {isa = PBXFileReference; lastKnownFileType = sourcecode.swift; path = AnalyticsManager.swift; sourceTree = "<group>"; };
		CB34AAF92D3FF71D001BFAA0 /* RemoteConfigManager.swift */ = {isa = PBXFileReference; lastKnownFileType = sourcecode.swift; path = RemoteConfigManager.swift; sourceTree = "<group>"; };
		CB90B16B2D48D96E0052734A /* NetworkManagerTests.swift */ = {isa = PBXFileReference; lastKnownFileType = sourcecode.swift; path = NetworkManagerTests.swift; sourceTree = "<group>"; };
		CB90B16D2D48D9830052734A /* ApplicationManagerTests.swift */ = {isa = PBXFileReference; lastKnownFileType = sourcecode.swift; path = ApplicationManagerTests.swift; sourceTree = "<group>"; };
		CB90B16F2D48D9970052734A /* KeychainManagerTests.swift */ = {isa = PBXFileReference; lastKnownFileType = sourcecode.swift; path = KeychainManagerTests.swift; sourceTree = "<group>"; };
		CB90B1712D48D99E0052734A /* UserManagerTests.swift */ = {isa = PBXFileReference; lastKnownFileType = sourcecode.swift; path = UserManagerTests.swift; sourceTree = "<group>"; };
		CB90B1752D48D9FA0052734A /* CustomTextFieldTests.swift */ = {isa = PBXFileReference; lastKnownFileType = sourcecode.swift; path = CustomTextFieldTests.swift; sourceTree = "<group>"; };
		CB90B1772D48DA050052734A /* GradientButtonTests.swift */ = {isa = PBXFileReference; lastKnownFileType = sourcecode.swift; path = GradientButtonTests.swift; sourceTree = "<group>"; };
		CB90B1792D48DA0C0052734A /* SocialButtonTests.swift */ = {isa = PBXFileReference; lastKnownFileType = sourcecode.swift; path = SocialButtonTests.swift; sourceTree = "<group>"; };
		CB90B17F2D48DA4E0052734A /* LoginInteractorTests.swift */ = {isa = PBXFileReference; lastKnownFileType = sourcecode.swift; path = LoginInteractorTests.swift; sourceTree = "<group>"; };
		CB90B1812D48DA670052734A /* DiscoveryInteractorTests.swift */ = {isa = PBXFileReference; lastKnownFileType = sourcecode.swift; path = DiscoveryInteractorTests.swift; sourceTree = "<group>"; };
		CB90B18C2D48DC150052734A /* ApplicationManager.swift */ = {isa = PBXFileReference; lastKnownFileType = sourcecode.swift; path = ApplicationManager.swift; sourceTree = "<group>"; };
/* End PBXFileReference section */

/* Begin PBXFrameworksBuildPhase section */
		CB0235C02D3001BC00B12729 /* Frameworks */ = {
			isa = PBXFrameworksBuildPhase;
			buildActionMask = 2147483647;
			files = (
				CB02364B2D300FE300B12729 /* SnapKit in Frameworks */,
				CB02365F2D30104C00B12729 /* FirebaseFirestore in Frameworks */,
				CB0236472D300FCA00B12729 /* FirebaseAnalytics in Frameworks */,
				CB0236572D30104C00B12729 /* FirebaseAuth in Frameworks */,
				CB0236712D30104C00B12729 /* FirebaseRemoteConfig in Frameworks */,
				CB02364D2D30101400B12729 /* FirebaseCore in Frameworks */,
				CB0236492D300FDA00B12729 /* FirebaseCrashlytics in Frameworks */,
				CB02366F2D30104C00B12729 /* FirebasePerformance in Frameworks */,
				CBE36BCB2D3F8CB40015FD4C /* SDWebImage in Frameworks */,
				CB0236552D30104C00B12729 /* FirebaseAppDistribution-Beta in Frameworks */,
				CB0236632D30104C00B12729 /* FirebaseFunctions in Frameworks */,
			);
			runOnlyForDeploymentPostprocessing = 0;
		};
		CB0235D62D3001BD00B12729 /* Frameworks */ = {
			isa = PBXFrameworksBuildPhase;
			buildActionMask = 2147483647;
			files = (
			);
			runOnlyForDeploymentPostprocessing = 0;
		};
		CB0235E02D3001BD00B12729 /* Frameworks */ = {
			isa = PBXFrameworksBuildPhase;
			buildActionMask = 2147483647;
			files = (
			);
			runOnlyForDeploymentPostprocessing = 0;
		};
/* End PBXFrameworksBuildPhase section */

/* Begin PBXGroup section */
		CB0235BA2D3001BC00B12729 = {
			isa = PBXGroup;
			children = (
				CB34AAFB2D3FF71D001BFAA0 /* DefineXHomeAssigment */,
				CB34AB2B2D3FF722001BFAA0 /* DefineXHomeAssigmentTests */,
				CB34AB312D3FF725001BFAA0 /* DefineXHomeAssigmentUITests */,
				CB0236452D300FCA00B12729 /* Frameworks */,
				CB0235C42D3001BC00B12729 /* Products */,
			);
			sourceTree = "<group>";
		};
		CB0235C42D3001BC00B12729 /* Products */ = {
			isa = PBXGroup;
			children = (
				CB0235C32D3001BC00B12729 /* DefineXHomeAssigment.app */,
				CB0235D92D3001BD00B12729 /* DefineXHomeAssigmentTests.xctest */,
				CB0235E32D3001BD00B12729 /* DefineXHomeAssigmentUITests.xctest */,
			);
			name = Products;
			sourceTree = "<group>";
		};
		CB0236452D300FCA00B12729 /* Frameworks */ = {
			isa = PBXGroup;
			children = (
			);
			name = Frameworks;
			sourceTree = "<group>";
		};
		CB34AAB32D3FF71D001BFAA0 /* Application */ = {
			isa = PBXGroup;
			children = (
				CB34AAAA2D3FF71D001BFAA0 /* AppDelegate.swift */,
				CB34AAAB2D3FF71D001BFAA0 /* Assets.xcassets */,
				CB34AAAC2D3FF71D001BFAA0 /* GoogleService-Info.plist */,
				CB34AAAD2D3FF71D001BFAA0 /* Info.plist */,
				CB34AAAF2D3FF71D001BFAA0 /* LaunchScreen.storyboard */,
				CB34AAB12D3FF71D001BFAA0 /* Main.storyboard */,
				CB34AAB22D3FF71D001BFAA0 /* SceneDelegate.swift */,
			);
			path = Application;
			sourceTree = "<group>";
		};
		CB34AAB52D3FF71D001BFAA0 /* Cache */ = {
			isa = PBXGroup;
			children = (
				CB34AAB42D3FF71D001BFAA0 /* CacheManager.swift */,
			);
			path = Cache;
			sourceTree = "<group>";
		};
		CB34AAB92D3FF71D001BFAA0 /* Components */ = {
			isa = PBXGroup;
			children = (
				CB34AAB62D3FF71D001BFAA0 /* CustomTextField.swift */,
				CB34AAB72D3FF71D001BFAA0 /* GradientButton.swift */,
				CB34AAB82D3FF71D001BFAA0 /* SocialButton.swift */,
			);
			path = Components;
			sourceTree = "<group>";
		};
		CB34AABB2D3FF71D001BFAA0 /* Constants */ = {
			isa = PBXGroup;
			children = (
				CB34AABA2D3FF71D001BFAA0 /* Colors.swift */,
			);
			path = Constants;
			sourceTree = "<group>";
		};
		CB34AABD2D3FF71D001BFAA0 /* Custom */ = {
			isa = PBXGroup;
			children = (
				CB34AABC2D3FF71D001BFAA0 /* CacheManager+Keys.swift */,
			);
			path = Custom;
			sourceTree = "<group>";
		};
		CB34AABF2D3FF71D001BFAA0 /* Foundation */ = {
			isa = PBXGroup;
			children = (
				CB34AABE2D3FF71D001BFAA0 /* String+Localization.swift */,
			);
			path = Foundation;
			sourceTree = "<group>";
		};
		CB34AAC32D3FF71D001BFAA0 /* UIKit */ = {
			isa = PBXGroup;
			children = (
				CB34AAC02D3FF71D001BFAA0 /* UIButton+Border.swift */,
				CB34AAC12D3FF71D001BFAA0 /* UIColor+Hex.swift */,
				CB34AAC22D3FF71D001BFAA0 /* UIView+RTL.swift */,
			);
			path = UIKit;
			sourceTree = "<group>";
		};
		CB34AAC42D3FF71D001BFAA0 /* Extensions */ = {
			isa = PBXGroup;
			children = (
				CB34AABD2D3FF71D001BFAA0 /* Custom */,
				CB34AABF2D3FF71D001BFAA0 /* Foundation */,
				CB34AAC32D3FF71D001BFAA0 /* UIKit */,
			);
			path = Extensions;
			sourceTree = "<group>";
		};
		CB34AAC72D3FF71D001BFAA0 /* Managers */ = {
			isa = PBXGroup;
			children = (
				CB34AAC52D3FF71D001BFAA0 /* KeychainManager.swift */,
				CB90B18C2D48DC150052734A /* ApplicationManager.swift */,
				CB34AAC62D3FF71D001BFAA0 /* UserManager.swift */,
			);
			path = Managers;
			sourceTree = "<group>";
		};
		CB34AAC92D3FF71D001BFAA0 /* Typography */ = {
			isa = PBXGroup;
			children = (
				CB34AAC82D3FF71D001BFAA0 /* Typography.swift */,
			);
			path = Typography;
			sourceTree = "<group>";
		};
		CB34AACB2D3FF71D001BFAA0 /* Utilities */ = {
			isa = PBXGroup;
			children = (
				CB34AACA2D3FF71D001BFAA0 /* CrashReporter.swift */,
			);
			path = Utilities;
			sourceTree = "<group>";
		};
		CB34AACC2D3FF71D001BFAA0 /* Common */ = {
			isa = PBXGroup;
			children = (
				CB34AAB52D3FF71D001BFAA0 /* Cache */,
				CB34AAB92D3FF71D001BFAA0 /* Components */,
				CB34AABB2D3FF71D001BFAA0 /* Constants */,
				CB34AAC42D3FF71D001BFAA0 /* Extensions */,
				CB34AAC72D3FF71D001BFAA0 /* Managers */,
				CB34AAC92D3FF71D001BFAA0 /* Typography */,
				CB34AACB2D3FF71D001BFAA0 /* Utilities */,
			);
			path = Common;
			sourceTree = "<group>";
		};
		CB34AACD2D3FF71D001BFAA0 /* Forgot */ = {
			isa = PBXGroup;
			children = (
			);
			path = Forgot;
			sourceTree = "<group>";
		};
		CB34AACF2D3FF71D001BFAA0 /* Entity */ = {
			isa = PBXGroup;
			children = (
				CB34AACE2D3FF71D001BFAA0 /* AuthEntity.swift */,
			);
			path = Entity;
			sourceTree = "<group>";
		};
		CB34AAD12D3FF71D001BFAA0 /* Interactor */ = {
			isa = PBXGroup;
			children = (
				CB34AAD02D3FF71D001BFAA0 /* LoginInteractor.swift */,
			);
			path = Interactor;
			sourceTree = "<group>";
		};
		CB34AAD32D3FF71D001BFAA0 /* Presenter */ = {
			isa = PBXGroup;
			children = (
				CB34AAD22D3FF71D001BFAA0 /* LoginPresenter.swift */,
			);
			path = Presenter;
			sourceTree = "<group>";
		};
		CB34AAD52D3FF71D001BFAA0 /* Router */ = {
			isa = PBXGroup;
			children = (
				CB34AAD42D3FF71D001BFAA0 /* LoginRouter.swift */,
			);
			path = Router;
			sourceTree = "<group>";
		};
		CB34AAD72D3FF71D001BFAA0 /* View */ = {
			isa = PBXGroup;
			children = (
				CB34AAD62D3FF71D001BFAA0 /* LoginViewController.swift */,
			);
			path = View;
			sourceTree = "<group>";
		};
		CB34AAD92D3FF71D001BFAA0 /* Login */ = {
			isa = PBXGroup;
			children = (
				CB34AACF2D3FF71D001BFAA0 /* Entity */,
				CB34AAD12D3FF71D001BFAA0 /* Interactor */,
				CB34AAD32D3FF71D001BFAA0 /* Presenter */,
				CB34AAD52D3FF71D001BFAA0 /* Router */,
				CB34AAD72D3FF71D001BFAA0 /* View */,
				CB34AAD82D3FF71D001BFAA0 /* LoginProtocols.swift */,
			);
			path = Login;
			sourceTree = "<group>";
		};
		CB34AADA2D3FF71D001BFAA0 /* Register */ = {
			isa = PBXGroup;
			children = (
			);
			path = Register;
			sourceTree = "<group>";
		};
		CB34AADB2D3FF71D001BFAA0 /* Auth */ = {
			isa = PBXGroup;
			children = (
				CB34AACD2D3FF71D001BFAA0 /* Forgot */,
				CB34AAD92D3FF71D001BFAA0 /* Login */,
				CB34AADA2D3FF71D001BFAA0 /* Register */,
			);
			path = Auth;
			sourceTree = "<group>";
		};
		CB34AADD2D3FF71D001BFAA0 /* Entity */ = {
			isa = PBXGroup;
			children = (
				CB34AADC2D3FF71D001BFAA0 /* DiscoveryEntity.swift */,
			);
			path = Entity;
			sourceTree = "<group>";
		};
		CB34AADF2D3FF71D001BFAA0 /* Interactor */ = {
			isa = PBXGroup;
			children = (
				CB34AADE2D3FF71D001BFAA0 /* DiscoveryInteractor.swift */,
			);
			path = Interactor;
			sourceTree = "<group>";
		};
		CB34AAE12D3FF71D001BFAA0 /* Presenter */ = {
			isa = PBXGroup;
			children = (
				CB34AAE02D3FF71D001BFAA0 /* DiscoveryPresenter.swift */,
			);
			path = Presenter;
			sourceTree = "<group>";
		};
		CB34AAE32D3FF71D001BFAA0 /* Router */ = {
			isa = PBXGroup;
			children = (
				CB34AAE22D3FF71D001BFAA0 /* DiscoveryRouter.swift */,
			);
			path = Router;
			sourceTree = "<group>";
		};
		CB34AAE62D3FF71D001BFAA0 /* Cells */ = {
			isa = PBXGroup;
			children = (
				CB34AAE42D3FF71D001BFAA0 /* DiscoveryHorizontalCell.swift */,
				CB34AAE52D3FF71D001BFAA0 /* DiscoveryTwoColumnCell.swift */,
			);
			path = Cells;
			sourceTree = "<group>";
		};
		CB34AAE82D3FF71D001BFAA0 /* View */ = {
			isa = PBXGroup;
			children = (
				CB34AAE62D3FF71D001BFAA0 /* Cells */,
				CB34AAE72D3FF71D001BFAA0 /* DiscoveryViewController.swift */,
			);
			path = View;
			sourceTree = "<group>";
		};
		CB34AAEA2D3FF71D001BFAA0 /* Discovery */ = {
			isa = PBXGroup;
			children = (
				CB34AADD2D3FF71D001BFAA0 /* Entity */,
				CB34AADF2D3FF71D001BFAA0 /* Interactor */,
				CB34AAE12D3FF71D001BFAA0 /* Presenter */,
				CB34AAE32D3FF71D001BFAA0 /* Router */,
				CB34AAE82D3FF71D001BFAA0 /* View */,
				CB34AAE92D3FF71D001BFAA0 /* DiscoveryProtocols.swift */,
			);
			path = Discovery;
			sourceTree = "<group>";
		};
		CB34AAEC2D3FF71D001BFAA0 /* Main */ = {
			isa = PBXGroup;
			children = (
				CB34AAEB2D3FF71D001BFAA0 /* MainTabBarController.swift */,
			);
			path = Main;
			sourceTree = "<group>";
		};
		CB34AAEE2D3FF71D001BFAA0 /* Splash */ = {
			isa = PBXGroup;
			children = (
				CB34AAED2D3FF71D001BFAA0 /* SplashViewController.swift */,
			);
			path = Splash;
			sourceTree = "<group>";
		};
		CB34AAEF2D3FF71D001BFAA0 /* Modules */ = {
			isa = PBXGroup;
			children = (
				CB34AADB2D3FF71D001BFAA0 /* Auth */,
				CB34AAEA2D3FF71D001BFAA0 /* Discovery */,
				CB34AAEC2D3FF71D001BFAA0 /* Main */,
				CB34AAEE2D3FF71D001BFAA0 /* Splash */,
			);
			path = Modules;
			sourceTree = "<group>";
		};
		CB34AAF22D3FF71D001BFAA0 /* Network */ = {
			isa = PBXGroup;
			children = (
				CB34AAF02D3FF71D001BFAA0 /* Endpoint.swift */,
				CB34AAF12D3FF71D001BFAA0 /* NetworkManager.swift */,
			);
			path = Network;
			sourceTree = "<group>";
		};
		CB34AAF32D3FF71D001BFAA0 /* Protocols */ = {
			isa = PBXGroup;
			children = (
			);
			path = Protocols;
			sourceTree = "<group>";
		};
		CB34AAF72D3FF71D001BFAA0 /* Resources */ = {
			isa = PBXGroup;
			children = (
				CB34AAF62D3FF71D001BFAA0 /* Localizable.strings */,
			);
			path = Resources;
			sourceTree = "<group>";
		};
		CB34AAFA2D3FF71D001BFAA0 /* Utilities */ = {
			isa = PBXGroup;
			children = (
				CB34AAF82D3FF71D001BFAA0 /* AnalyticsManager.swift */,
				CB34AAF92D3FF71D001BFAA0 /* RemoteConfigManager.swift */,
			);
			path = Utilities;
			sourceTree = "<group>";
		};
		CB34AAFB2D3FF71D001BFAA0 /* DefineXHomeAssigment */ = {
			isa = PBXGroup;
			children = (
				CB34AAB32D3FF71D001BFAA0 /* Application */,
				CB34AACC2D3FF71D001BFAA0 /* Common */,
				CB34AAEF2D3FF71D001BFAA0 /* Modules */,
				CB34AAF22D3FF71D001BFAA0 /* Network */,
				CB34AAF32D3FF71D001BFAA0 /* Protocols */,
				CB34AAF72D3FF71D001BFAA0 /* Resources */,
				CB34AAFA2D3FF71D001BFAA0 /* Utilities */,
			);
			path = DefineXHomeAssigment;
			sourceTree = "<group>";
		};
		CB34AB2B2D3FF722001BFAA0 /* DefineXHomeAssigmentTests */ = {
			isa = PBXGroup;
			children = (
				CB90B16A2D48D95A0052734A /* NetworkTests */,
				CB90B1692D48D9500052734A /* ModulesTest */,
				CB90B1682D48D9430052734A /* ManagersTest */,
				CB90B1672D48D9370052734A /* CommonTest */,
			);
			path = DefineXHomeAssigmentTests;
			sourceTree = "<group>";
		};
		CB34AB312D3FF725001BFAA0 /* DefineXHomeAssigmentUITests */ = {
			isa = PBXGroup;
			children = (
			);
			path = DefineXHomeAssigmentUITests;
			sourceTree = "<group>";
		};
		CB90B1672D48D9370052734A /* CommonTest */ = {
			isa = PBXGroup;
			children = (
				CB90B1742D48D9E70052734A /* ComponentsTest */,
			);
			path = CommonTest;
			sourceTree = "<group>";
		};
		CB90B1682D48D9430052734A /* ManagersTest */ = {
			isa = PBXGroup;
			children = (
				CB90B1712D48D99E0052734A /* UserManagerTests.swift */,
				CB90B16F2D48D9970052734A /* KeychainManagerTests.swift */,
				CB90B16D2D48D9830052734A /* ApplicationManagerTests.swift */,
			);
			path = ManagersTest;
			sourceTree = "<group>";
		};
		CB90B1692D48D9500052734A /* ModulesTest */ = {
			isa = PBXGroup;
			children = (
				CB90B17E2D48DA3E0052734A /* Discovery */,
				CB90B17D2D48DA290052734A /* Auth */,
			);
			path = ModulesTest;
			sourceTree = "<group>";
		};
		CB90B16A2D48D95A0052734A /* NetworkTests */ = {
			isa = PBXGroup;
			children = (
				CB90B16B2D48D96E0052734A /* NetworkManagerTests.swift */,
			);
			path = NetworkTests;
			sourceTree = "<group>";
		};
		CB90B1742D48D9E70052734A /* ComponentsTest */ = {
			isa = PBXGroup;
			children = (
				CB90B1792D48DA0C0052734A /* SocialButtonTests.swift */,
				CB90B1772D48DA050052734A /* GradientButtonTests.swift */,
				CB90B1752D48D9FA0052734A /* CustomTextFieldTests.swift */,
			);
			path = ComponentsTest;
			sourceTree = "<group>";
		};
		CB90B17D2D48DA290052734A /* Auth */ = {
			isa = PBXGroup;
			children = (
				CB90B17F2D48DA4E0052734A /* LoginInteractorTests.swift */,
			);
			path = Auth;
			sourceTree = "<group>";
		};
		CB90B17E2D48DA3E0052734A /* Discovery */ = {
			isa = PBXGroup;
			children = (
				CB90B1812D48DA670052734A /* DiscoveryInteractorTests.swift */,
			);
			path = Discovery;
			sourceTree = "<group>";
		};
/* End PBXGroup section */

/* Begin PBXNativeTarget section */
		CB0235C22D3001BC00B12729 /* DefineXHomeAssigment */ = {
			isa = PBXNativeTarget;
			buildConfigurationList = CB0235EC2D3001BD00B12729 /* Build configuration list for PBXNativeTarget "DefineXHomeAssigment" */;
			buildPhases = (
				CB0235BF2D3001BC00B12729 /* Sources */,
				CB0235C02D3001BC00B12729 /* Frameworks */,
				CB0235C12D3001BC00B12729 /* Resources */,
			);
			buildRules = (
			);
			dependencies = (
			);
			name = DefineXHomeAssigment;
			packageProductDependencies = (
				CB0236462D300FCA00B12729 /* FirebaseAnalytics */,
				CB0236482D300FDA00B12729 /* FirebaseCrashlytics */,
				CB02364A2D300FE300B12729 /* SnapKit */,
				CB02364C2D30101400B12729 /* FirebaseCore */,
				CB0236542D30104C00B12729 /* FirebaseAppDistribution-Beta */,
				CB0236562D30104C00B12729 /* FirebaseAuth */,
				CB02365E2D30104C00B12729 /* FirebaseFirestore */,
				CB0236622D30104C00B12729 /* FirebaseFunctions */,
				CB02366E2D30104C00B12729 /* FirebasePerformance */,
				CB0236702D30104C00B12729 /* FirebaseRemoteConfig */,
				CBE36BCA2D3F8CB40015FD4C /* SDWebImage */,
			);
			productName = DefineXHomeAssigment;
			productReference = CB0235C32D3001BC00B12729 /* DefineXHomeAssigment.app */;
			productType = "com.apple.product-type.application";
		};
		CB0235D82D3001BD00B12729 /* DefineXHomeAssigmentTests */ = {
			isa = PBXNativeTarget;
			buildConfigurationList = CB0235F12D3001BD00B12729 /* Build configuration list for PBXNativeTarget "DefineXHomeAssigmentTests" */;
			buildPhases = (
				CB0235D52D3001BD00B12729 /* Sources */,
				CB0235D62D3001BD00B12729 /* Frameworks */,
				CB0235D72D3001BD00B12729 /* Resources */,
			);
			buildRules = (
			);
			dependencies = (
				CB0235DB2D3001BD00B12729 /* PBXTargetDependency */,
			);
			name = DefineXHomeAssigmentTests;
			packageProductDependencies = (
			);
			productName = DefineXHomeAssigmentTests;
			productReference = CB0235D92D3001BD00B12729 /* DefineXHomeAssigmentTests.xctest */;
			productType = "com.apple.product-type.bundle.unit-test";
		};
		CB0235E22D3001BD00B12729 /* DefineXHomeAssigmentUITests */ = {
			isa = PBXNativeTarget;
			buildConfigurationList = CB0235F42D3001BD00B12729 /* Build configuration list for PBXNativeTarget "DefineXHomeAssigmentUITests" */;
			buildPhases = (
				CB0235DF2D3001BD00B12729 /* Sources */,
				CB0235E02D3001BD00B12729 /* Frameworks */,
				CB0235E12D3001BD00B12729 /* Resources */,
			);
			buildRules = (
			);
			dependencies = (
				CB0235E52D3001BD00B12729 /* PBXTargetDependency */,
			);
			name = DefineXHomeAssigmentUITests;
			packageProductDependencies = (
			);
			productName = DefineXHomeAssigmentUITests;
			productReference = CB0235E32D3001BD00B12729 /* DefineXHomeAssigmentUITests.xctest */;
			productType = "com.apple.product-type.bundle.ui-testing";
		};
/* End PBXNativeTarget section */

/* Begin PBXProject section */
		CB0235BB2D3001BC00B12729 /* Project object */ = {
			isa = PBXProject;
			attributes = {
				LastSwiftUpdateCheck = 1500;
				LastUpgradeCheck = 1500;
				TargetAttributes = {
					CB0235C22D3001BC00B12729 = {
						CreatedOnToolsVersion = 15.0;
					};
					CB0235D82D3001BD00B12729 = {
						CreatedOnToolsVersion = 15.4;
						TestTargetID = CB0235C22D3001BC00B12729;
					};
					CB0235E22D3001BD00B12729 = {
						CreatedOnToolsVersion = 15.4;
						TestTargetID = CB0235C22D3001BC00B12729;
					};
				};
			};
			buildConfigurationList = CB0235BE2D3001BC00B12729 /* Build configuration list for PBXProject "DefineXHomeAssigment" */;
			compatibilityVersion = "Xcode 8.0";
			developmentRegion = en;
			hasScannedForEncodings = 0;
			knownRegions = (
				en,
				Base,
				tr,
			);
			mainGroup = CB0235BA2D3001BC00B12729;
			minimizedProjectReferenceProxies = 1;
			packageReferences = (
				CB0236432D300ED200B12729 /* XCRemoteSwiftPackageReference "SnapKit" */,
				CB0236442D300F9600B12729 /* XCRemoteSwiftPackageReference "firebase-ios-sdk" */,
				CBD9300C2D3F8C39008434BE /* XCRemoteSwiftPackageReference "SDWebImage" */,
			);
			productRefGroup = CB0235C42D3001BC00B12729 /* Products */;
			projectDirPath = "";
			projectRoot = "";
			targets = (
				CB0235C22D3001BC00B12729 /* DefineXHomeAssigment */,
				CB0235D82D3001BD00B12729 /* DefineXHomeAssigmentTests */,
				CB0235E22D3001BD00B12729 /* DefineXHomeAssigmentUITests */,
			);
		};
/* End PBXProject section */

/* Begin PBXResourcesBuildPhase section */
		CB0235C12D3001BC00B12729 /* Resources */ = {
			isa = PBXResourcesBuildPhase;
			buildActionMask = 2147483647;
			files = (
				CB34AB202D3FF71D001BFAA0 /* Assets.xcassets in Resources */,
				CB34AB212D3FF71D001BFAA0 /* GoogleService-Info.plist in Resources */,
				CB34AB232D3FF71D001BFAA0 /* LaunchScreen.storyboard in Resources */,
				CB34AB242D3FF71D001BFAA0 /* Main.storyboard in Resources */,
				CB34AB252D3FF71D001BFAA0 /* Localizable.strings in Resources */,
			);
			runOnlyForDeploymentPostprocessing = 0;
		};
		CB0235D72D3001BD00B12729 /* Resources */ = {
			isa = PBXResourcesBuildPhase;
			buildActionMask = 2147483647;
			files = (
			);
			runOnlyForDeploymentPostprocessing = 0;
		};
		CB0235E12D3001BD00B12729 /* Resources */ = {
			isa = PBXResourcesBuildPhase;
			buildActionMask = 2147483647;
			files = (
			);
			runOnlyForDeploymentPostprocessing = 0;
		};
/* End PBXResourcesBuildPhase section */

/* Begin PBXSourcesBuildPhase section */
		CB0235BF2D3001BC00B12729 /* Sources */ = {
			isa = PBXSourcesBuildPhase;
			buildActionMask = 2147483647;
			files = (
				CB34AAFC2D3FF71D001BFAA0 /* AppDelegate.swift in Sources */,
				CB34AAFD2D3FF71D001BFAA0 /* SceneDelegate.swift in Sources */,
				CB34AAFE2D3FF71D001BFAA0 /* CacheManager.swift in Sources */,
				CB34AAFF2D3FF71D001BFAA0 /* CustomTextField.swift in Sources */,
				CB34AB002D3FF71D001BFAA0 /* GradientButton.swift in Sources */,
				CB34AB012D3FF71D001BFAA0 /* SocialButton.swift in Sources */,
				CB34AB022D3FF71D001BFAA0 /* Colors.swift in Sources */,
				CB90B18D2D48DC150052734A /* ApplicationManager.swift in Sources */,
				CB34AB032D3FF71D001BFAA0 /* CacheManager+Keys.swift in Sources */,
				CB34AB042D3FF71D001BFAA0 /* String+Localization.swift in Sources */,
				CB34AB052D3FF71D001BFAA0 /* UIButton+Border.swift in Sources */,
				CB34AB062D3FF71D001BFAA0 /* UIColor+Hex.swift in Sources */,
				CB34AB072D3FF71D001BFAA0 /* UIView+RTL.swift in Sources */,
				CB34AB082D3FF71D001BFAA0 /* KeychainManager.swift in Sources */,
				CB34AB092D3FF71D001BFAA0 /* UserManager.swift in Sources */,
				CB34AB0A2D3FF71D001BFAA0 /* Typography.swift in Sources */,
				CB34AB0B2D3FF71D001BFAA0 /* CrashReporter.swift in Sources */,
				CB34AB0C2D3FF71D001BFAA0 /* AuthEntity.swift in Sources */,
				CB34AB0D2D3FF71D001BFAA0 /* LoginInteractor.swift in Sources */,
				CB34AB0E2D3FF71D001BFAA0 /* LoginPresenter.swift in Sources */,
				CB34AB0F2D3FF71D001BFAA0 /* LoginRouter.swift in Sources */,
				CB34AB102D3FF71D001BFAA0 /* LoginViewController.swift in Sources */,
				CB34AB112D3FF71D001BFAA0 /* LoginProtocols.swift in Sources */,
				CB34AB122D3FF71D001BFAA0 /* DiscoveryEntity.swift in Sources */,
				CB34AB132D3FF71D001BFAA0 /* DiscoveryInteractor.swift in Sources */,
				CB34AB142D3FF71D001BFAA0 /* DiscoveryPresenter.swift in Sources */,
				CB34AB152D3FF71D001BFAA0 /* DiscoveryRouter.swift in Sources */,
				CB34AB162D3FF71D001BFAA0 /* DiscoveryHorizontalCell.swift in Sources */,
				CB34AB172D3FF71D001BFAA0 /* DiscoveryTwoColumnCell.swift in Sources */,
				CB34AB182D3FF71D001BFAA0 /* DiscoveryViewController.swift in Sources */,
				CB34AB192D3FF71D001BFAA0 /* DiscoveryProtocols.swift in Sources */,
				CB34AB1A2D3FF71D001BFAA0 /* MainTabBarController.swift in Sources */,
				CB34AB1B2D3FF71D001BFAA0 /* SplashViewController.swift in Sources */,
				CB34AB1C2D3FF71D001BFAA0 /* Endpoint.swift in Sources */,
				CB34AB1D2D3FF71D001BFAA0 /* NetworkManager.swift in Sources */,
				CB34AB1E2D3FF71D001BFAA0 /* AnalyticsManager.swift in Sources */,
				CB34AB1F2D3FF71D001BFAA0 /* RemoteConfigManager.swift in Sources */,
			);
			runOnlyForDeploymentPostprocessing = 0;
		};
		CB0235D52D3001BD00B12729 /* Sources */ = {
			isa = PBXSourcesBuildPhase;
			buildActionMask = 2147483647;
			files = (
				CB90B1832D48DB970052734A /* NetworkManagerTests.swift in Sources */,
				CB90B1852D48DBAF0052734A /* LoginInteractorTests.swift in Sources */,
				CB90B1842D48DBA70052734A /* DiscoveryInteractorTests.swift in Sources */,
				CB90B1892D48DBC60052734A /* SocialButtonTests.swift in Sources */,
				CB90B18A2D48DBC60052734A /* GradientButtonTests.swift in Sources */,
				CB90B18B2D48DBC60052734A /* CustomTextFieldTests.swift in Sources */,
				CB90B1862D48DBBB0052734A /* UserManagerTests.swift in Sources */,
				CB90B1872D48DBBB0052734A /* KeychainManagerTests.swift in Sources */,
				CB90B1882D48DBBB0052734A /* ApplicationManagerTests.swift in Sources */,
			);
			runOnlyForDeploymentPostprocessing = 0;
		};
		CB0235DF2D3001BD00B12729 /* Sources */ = {
			isa = PBXSourcesBuildPhase;
			buildActionMask = 2147483647;
			files = (
			);
			runOnlyForDeploymentPostprocessing = 0;
		};
/* End PBXSourcesBuildPhase section */

/* Begin PBXTargetDependency section */
		CB0235DB2D3001BD00B12729 /* PBXTargetDependency */ = {
			isa = PBXTargetDependency;
			target = CB0235C22D3001BC00B12729 /* DefineXHomeAssigment */;
			targetProxy = CB0235DA2D3001BD00B12729 /* PBXContainerItemProxy */;
		};
		CB0235E52D3001BD00B12729 /* PBXTargetDependency */ = {
			isa = PBXTargetDependency;
			target = CB0235C22D3001BC00B12729 /* DefineXHomeAssigment */;
			targetProxy = CB0235E42D3001BD00B12729 /* PBXContainerItemProxy */;
		};
/* End PBXTargetDependency section */

/* Begin PBXVariantGroup section */
		CB34AAAF2D3FF71D001BFAA0 /* LaunchScreen.storyboard */ = {
			isa = PBXVariantGroup;
			children = (
				CB34AAAE2D3FF71D001BFAA0 /* Base */,
			);
			name = LaunchScreen.storyboard;
			sourceTree = "<group>";
		};
		CB34AAB12D3FF71D001BFAA0 /* Main.storyboard */ = {
			isa = PBXVariantGroup;
			children = (
				CB34AAB02D3FF71D001BFAA0 /* Base */,
			);
			name = Main.storyboard;
			sourceTree = "<group>";
		};
		CB34AAF62D3FF71D001BFAA0 /* Localizable.strings */ = {
			isa = PBXVariantGroup;
			children = (
				CB34AAF42D3FF71D001BFAA0 /* en */,
				CB34AAF52D3FF71D001BFAA0 /* tr */,
			);
			name = Localizable.strings;
			sourceTree = "<group>";
		};
/* End PBXVariantGroup section */

/* Begin XCBuildConfiguration section */
		CB0235ED2D3001BD00B12729 /* Debug */ = {
			isa = XCBuildConfiguration;
			buildSettings = {
				ASSETCATALOG_COMPILER_APPICON_NAME = AppIcon;
				ASSETCATALOG_COMPILER_GLOBAL_ACCENT_COLOR_NAME = AccentColor;
				CODE_SIGN_STYLE = Automatic;
				CURRENT_PROJECT_VERSION = 1;
				DEVELOPMENT_ASSET_PATHS = "";
				DEVELOPMENT_TEAM = QDC8RAVSGM;
				GENERATE_INFOPLIST_FILE = YES;
				INFOPLIST_FILE = DefineXHomeAssigment/Application/Info.plist;
				INFOPLIST_KEY_UIApplicationSupportsIndirectInputEvents = YES;
				INFOPLIST_KEY_UILaunchStoryboardName = LaunchScreen;
				INFOPLIST_KEY_UIMainStoryboardFile = Main;
				INFOPLIST_KEY_UIRequiredDeviceCapabilities = armv7;
				INFOPLIST_KEY_UISupportedInterfaceOrientations = UIInterfaceOrientationPortrait;
				INFOPLIST_KEY_UISupportedInterfaceOrientations_iPad = "UIInterfaceOrientationLandscapeLeft UIInterfaceOrientationLandscapeRight UIInterfaceOrientationPortrait UIInterfaceOrientationPortraitUpsideDown";
				IPHONEOS_DEPLOYMENT_TARGET = 15.6;
				LD_RUNPATH_SEARCH_PATHS = (
					"$(inherited)",
					"@executable_path/Frameworks",
				);
				MARKETING_VERSION = 1.0;
				PRODUCT_BUNDLE_IDENTIFIER = AppWess.DefineXHomeAssigment;
				PRODUCT_NAME = "$(TARGET_NAME)";
				SUPPORTED_PLATFORMS = "iphoneos iphonesimulator";
				SUPPORTS_MACCATALYST = NO;
				SUPPORTS_MAC_DESIGNED_FOR_IPHONE_IPAD = NO;
				SUPPORTS_XR_DESIGNED_FOR_IPHONE_IPAD = NO;
				SWIFT_EMIT_LOC_STRINGS = YES;
				SWIFT_VERSION = 5.0;
				TARGETED_DEVICE_FAMILY = 1;
			};
			name = Debug;
		};
		CB0235EE2D3001BD00B12729 /* Release */ = {
			isa = XCBuildConfiguration;
			buildSettings = {
				ASSETCATALOG_COMPILER_APPICON_NAME = AppIcon;
				ASSETCATALOG_COMPILER_GLOBAL_ACCENT_COLOR_NAME = AccentColor;
				CODE_SIGN_STYLE = Automatic;
				CURRENT_PROJECT_VERSION = 1;
				DEVELOPMENT_ASSET_PATHS = "";
				DEVELOPMENT_TEAM = QDC8RAVSGM;
				GENERATE_INFOPLIST_FILE = YES;
				INFOPLIST_FILE = DefineXHomeAssigment/Application/Info.plist;
				INFOPLIST_KEY_UIApplicationSupportsIndirectInputEvents = YES;
				INFOPLIST_KEY_UILaunchStoryboardName = LaunchScreen;
				INFOPLIST_KEY_UIMainStoryboardFile = Main;
				INFOPLIST_KEY_UIRequiredDeviceCapabilities = armv7;
				INFOPLIST_KEY_UISupportedInterfaceOrientations = UIInterfaceOrientationPortrait;
				INFOPLIST_KEY_UISupportedInterfaceOrientations_iPad = "UIInterfaceOrientationLandscapeLeft UIInterfaceOrientationLandscapeRight UIInterfaceOrientationPortrait UIInterfaceOrientationPortraitUpsideDown";
				IPHONEOS_DEPLOYMENT_TARGET = 15.6;
				LD_RUNPATH_SEARCH_PATHS = (
					"$(inherited)",
					"@executable_path/Frameworks",
				);
				MARKETING_VERSION = 1.0;
				PRODUCT_BUNDLE_IDENTIFIER = AppWess.DefineXHomeAssigment;
				PRODUCT_NAME = "$(TARGET_NAME)";
				SUPPORTED_PLATFORMS = "iphoneos iphonesimulator";
				SUPPORTS_MACCATALYST = NO;
				SUPPORTS_MAC_DESIGNED_FOR_IPHONE_IPAD = NO;
				SUPPORTS_XR_DESIGNED_FOR_IPHONE_IPAD = NO;
				SWIFT_EMIT_LOC_STRINGS = YES;
				SWIFT_VERSION = 5.0;
				TARGETED_DEVICE_FAMILY = 1;
			};
			name = Release;
		};
		CB0235EF2D3001BD00B12729 /* Debug */ = {
			isa = XCBuildConfiguration;
			buildSettings = {
				ALWAYS_SEARCH_USER_PATHS = NO;
				ASSETCATALOG_COMPILER_GENERATE_SWIFT_ASSET_SYMBOL_EXTENSIONS = YES;
				CLANG_ANALYZER_NONNULL = YES;
				CLANG_ANALYZER_NUMBER_OBJECT_CONVERSION = YES_AGGRESSIVE;
				CLANG_CXX_LANGUAGE_STANDARD = "gnu++20";
				CLANG_ENABLE_MODULES = YES;
				CLANG_ENABLE_OBJC_ARC = YES;
				CLANG_ENABLE_OBJC_WEAK = YES;
				CLANG_WARN_BLOCK_CAPTURE_AUTORELEASING = YES;
				CLANG_WARN_BOOL_CONVERSION = YES;
				CLANG_WARN_COMMA = YES;
				CLANG_WARN_CONSTANT_CONVERSION = YES;
				CLANG_WARN_DEPRECATED_OBJC_IMPLEMENTATIONS = YES;
				CLANG_WARN_DIRECT_OBJC_ISA_USAGE = YES_ERROR;
				CLANG_WARN_DOCUMENTATION_COMMENTS = YES;
				CLANG_WARN_EMPTY_BODY = YES;
				CLANG_WARN_ENUM_CONVERSION = YES;
				CLANG_WARN_INFINITE_RECURSION = YES;
				CLANG_WARN_INT_CONVERSION = YES;
				CLANG_WARN_NON_LITERAL_NULL_CONVERSION = YES;
				CLANG_WARN_OBJC_IMPLICIT_RETAIN_SELF = YES;
				CLANG_WARN_OBJC_LITERAL_CONVERSION = YES;
				CLANG_WARN_OBJC_ROOT_CLASS = YES_ERROR;
				CLANG_WARN_QUOTED_INCLUDE_IN_FRAMEWORK_HEADER = YES;
				CLANG_WARN_RANGE_LOOP_ANALYSIS = YES;
				CLANG_WARN_STRICT_PROTOTYPES = YES;
				CLANG_WARN_SUSPICIOUS_MOVE = YES;
				CLANG_WARN_UNGUARDED_AVAILABILITY = YES_AGGRESSIVE;
				CLANG_WARN_UNREACHABLE_CODE = YES;
				CLANG_WARN__DUPLICATE_METHOD_MATCH = YES;
				COPY_PHASE_STRIP = NO;
				DEBUG_INFORMATION_FORMAT = dwarf;
				ENABLE_STRICT_OBJC_MSGSEND = YES;
				ENABLE_TESTABILITY = YES;
				ENABLE_USER_SCRIPT_SANDBOXING = YES;
				GCC_C_LANGUAGE_STANDARD = gnu17;
				GCC_DYNAMIC_NO_PIC = NO;
				GCC_NO_COMMON_BLOCKS = YES;
				GCC_OPTIMIZATION_LEVEL = 0;
				GCC_PREPROCESSOR_DEFINITIONS = (
					"DEBUG=1",
					"$(inherited)",
				);
				GCC_WARN_64_TO_32_BIT_CONVERSION = YES;
				GCC_WARN_ABOUT_RETURN_TYPE = YES_ERROR;
				GCC_WARN_UNDECLARED_SELECTOR = YES;
				GCC_WARN_UNINITIALIZED_AUTOS = YES_AGGRESSIVE;
				GCC_WARN_UNUSED_FUNCTION = YES;
				GCC_WARN_UNUSED_VARIABLE = YES;
				IPHONEOS_DEPLOYMENT_TARGET = 15.6;
				LOCALIZATION_PREFERS_STRING_CATALOGS = YES;
				MTL_ENABLE_DEBUG_INFO = INCLUDE_SOURCE;
				MTL_FAST_MATH = YES;
				ONLY_ACTIVE_ARCH = YES;
				SDKROOT = iphoneos;
				SWIFT_ACTIVE_COMPILATION_CONDITIONS = "DEBUG $(inherited)";
				SWIFT_OPTIMIZATION_LEVEL = "-Onone";
			};
			name = Debug;
		};
		CB0235F02D3001BD00B12729 /* Release */ = {
			isa = XCBuildConfiguration;
			buildSettings = {
				ALWAYS_SEARCH_USER_PATHS = NO;
				ASSETCATALOG_COMPILER_GENERATE_SWIFT_ASSET_SYMBOL_EXTENSIONS = YES;
				CLANG_ANALYZER_NONNULL = YES;
				CLANG_ANALYZER_NUMBER_OBJECT_CONVERSION = YES_AGGRESSIVE;
				CLANG_CXX_LANGUAGE_STANDARD = "gnu++20";
				CLANG_ENABLE_MODULES = YES;
				CLANG_ENABLE_OBJC_ARC = YES;
				CLANG_ENABLE_OBJC_WEAK = YES;
				CLANG_WARN_BLOCK_CAPTURE_AUTORELEASING = YES;
				CLANG_WARN_BOOL_CONVERSION = YES;
				CLANG_WARN_COMMA = YES;
				CLANG_WARN_CONSTANT_CONVERSION = YES;
				CLANG_WARN_DEPRECATED_OBJC_IMPLEMENTATIONS = YES;
				CLANG_WARN_DIRECT_OBJC_ISA_USAGE = YES_ERROR;
				CLANG_WARN_DOCUMENTATION_COMMENTS = YES;
				CLANG_WARN_EMPTY_BODY = YES;
				CLANG_WARN_ENUM_CONVERSION = YES;
				CLANG_WARN_INFINITE_RECURSION = YES;
				CLANG_WARN_INT_CONVERSION = YES;
				CLANG_WARN_NON_LITERAL_NULL_CONVERSION = YES;
				CLANG_WARN_OBJC_IMPLICIT_RETAIN_SELF = YES;
				CLANG_WARN_OBJC_LITERAL_CONVERSION = YES;
				CLANG_WARN_OBJC_ROOT_CLASS = YES_ERROR;
				CLANG_WARN_QUOTED_INCLUDE_IN_FRAMEWORK_HEADER = YES;
				CLANG_WARN_RANGE_LOOP_ANALYSIS = YES;
				CLANG_WARN_STRICT_PROTOTYPES = YES;
				CLANG_WARN_SUSPICIOUS_MOVE = YES;
				CLANG_WARN_UNGUARDED_AVAILABILITY = YES_AGGRESSIVE;
				CLANG_WARN_UNREACHABLE_CODE = YES;
				CLANG_WARN__DUPLICATE_METHOD_MATCH = YES;
				COPY_PHASE_STRIP = NO;
				DEBUG_INFORMATION_FORMAT = "dwarf-with-dsym";
				ENABLE_NS_ASSERTIONS = NO;
				ENABLE_STRICT_OBJC_MSGSEND = YES;
				ENABLE_USER_SCRIPT_SANDBOXING = YES;
				GCC_C_LANGUAGE_STANDARD = gnu17;
				GCC_NO_COMMON_BLOCKS = YES;
				GCC_WARN_64_TO_32_BIT_CONVERSION = YES;
				GCC_WARN_ABOUT_RETURN_TYPE = YES_ERROR;
				GCC_WARN_UNDECLARED_SELECTOR = YES;
				GCC_WARN_UNINITIALIZED_AUTOS = YES_AGGRESSIVE;
				GCC_WARN_UNUSED_FUNCTION = YES;
				GCC_WARN_UNUSED_VARIABLE = YES;
				IPHONEOS_DEPLOYMENT_TARGET = 15.6;
				LOCALIZATION_PREFERS_STRING_CATALOGS = YES;
				MTL_ENABLE_DEBUG_INFO = NO;
				MTL_FAST_MATH = YES;
				SDKROOT = iphoneos;
				SWIFT_COMPILATION_MODE = wholemodule;
				VALIDATE_PRODUCT = YES;
			};
			name = Release;
		};
		CB0235F22D3001BD00B12729 /* Debug */ = {
			isa = XCBuildConfiguration;
			buildSettings = {
				BUNDLE_LOADER = "$(TEST_HOST)";
				CODE_SIGN_STYLE = Automatic;
				CURRENT_PROJECT_VERSION = 1;
				DEVELOPMENT_TEAM = QDC8RAVSGM;
				GENERATE_INFOPLIST_FILE = YES;
				IPHONEOS_DEPLOYMENT_TARGET = 15.6;
				MARKETING_VERSION = 1.0;
				PRODUCT_BUNDLE_IDENTIFIER = AppWess.DefineXHomeAssigmentTests;
				PRODUCT_NAME = "$(TARGET_NAME)";
				SWIFT_EMIT_LOC_STRINGS = NO;
				SWIFT_VERSION = 5.0;
				TARGETED_DEVICE_FAMILY = "1,2";
				TEST_HOST = "$(BUILT_PRODUCTS_DIR)/DefineXHomeAssigment.app/$(BUNDLE_EXECUTABLE_FOLDER_PATH)/DefineXHomeAssigment";
			};
			name = Debug;
		};
		CB0235F32D3001BD00B12729 /* Release */ = {
			isa = XCBuildConfiguration;
			buildSettings = {
				BUNDLE_LOADER = "$(TEST_HOST)";
				CODE_SIGN_STYLE = Automatic;
				CURRENT_PROJECT_VERSION = 1;
				DEVELOPMENT_TEAM = QDC8RAVSGM;
				GENERATE_INFOPLIST_FILE = YES;
				IPHONEOS_DEPLOYMENT_TARGET = 15.6;
				MARKETING_VERSION = 1.0;
				PRODUCT_BUNDLE_IDENTIFIER = AppWess.DefineXHomeAssigmentTests;
				PRODUCT_NAME = "$(TARGET_NAME)";
				SWIFT_EMIT_LOC_STRINGS = NO;
				SWIFT_VERSION = 5.0;
				TARGETED_DEVICE_FAMILY = "1,2";
				TEST_HOST = "$(BUILT_PRODUCTS_DIR)/DefineXHomeAssigment.app/$(BUNDLE_EXECUTABLE_FOLDER_PATH)/DefineXHomeAssigment";
			};
			name = Release;
		};
		CB0235F52D3001BD00B12729 /* Debug */ = {
			isa = XCBuildConfiguration;
			buildSettings = {
				CODE_SIGN_STYLE = Automatic;
				CURRENT_PROJECT_VERSION = 1;
				DEVELOPMENT_TEAM = QDC8RAVSGM;
				GENERATE_INFOPLIST_FILE = YES;
				MARKETING_VERSION = 1.0;
				PRODUCT_BUNDLE_IDENTIFIER = AppWess.DefineXHomeAssigmentUITests;
				PRODUCT_NAME = "$(TARGET_NAME)";
				SWIFT_EMIT_LOC_STRINGS = NO;
				SWIFT_VERSION = 5.0;
				TARGETED_DEVICE_FAMILY = "1,2";
				TEST_TARGET_NAME = DefineXHomeAssigment;
			};
			name = Debug;
		};
		CB0235F62D3001BD00B12729 /* Release */ = {
			isa = XCBuildConfiguration;
			buildSettings = {
				CODE_SIGN_STYLE = Automatic;
				CURRENT_PROJECT_VERSION = 1;
				DEVELOPMENT_TEAM = QDC8RAVSGM;
				GENERATE_INFOPLIST_FILE = YES;
				MARKETING_VERSION = 1.0;
				PRODUCT_BUNDLE_IDENTIFIER = AppWess.DefineXHomeAssigmentUITests;
				PRODUCT_NAME = "$(TARGET_NAME)";
				SWIFT_EMIT_LOC_STRINGS = NO;
				SWIFT_VERSION = 5.0;
				TARGETED_DEVICE_FAMILY = "1,2";
				TEST_TARGET_NAME = DefineXHomeAssigment;
			};
			name = Release;
		};
/* End XCBuildConfiguration section */

/* Begin XCConfigurationList section */
		CB0235BE2D3001BC00B12729 /* Build configuration list for PBXProject "DefineXHomeAssigment" */ = {
			isa = XCConfigurationList;
			buildConfigurations = (
				CB0235EF2D3001BD00B12729 /* Debug */,
				CB0235F02D3001BD00B12729 /* Release */,
			);
			defaultConfigurationIsVisible = 0;
			defaultConfigurationName = Release;
		};
		CB0235EC2D3001BD00B12729 /* Build configuration list for PBXNativeTarget "DefineXHomeAssigment" */ = {
			isa = XCConfigurationList;
			buildConfigurations = (
				CB0235ED2D3001BD00B12729 /* Debug */,
				CB0235EE2D3001BD00B12729 /* Release */,
			);
			defaultConfigurationIsVisible = 0;
			defaultConfigurationName = Release;
		};
		CB0235F12D3001BD00B12729 /* Build configuration list for PBXNativeTarget "DefineXHomeAssigmentTests" */ = {
			isa = XCConfigurationList;
			buildConfigurations = (
				CB0235F22D3001BD00B12729 /* Debug */,
				CB0235F32D3001BD00B12729 /* Release */,
			);
			defaultConfigurationIsVisible = 0;
			defaultConfigurationName = Release;
		};
		CB0235F42D3001BD00B12729 /* Build configuration list for PBXNativeTarget "DefineXHomeAssigmentUITests" */ = {
			isa = XCConfigurationList;
			buildConfigurations = (
				CB0235F52D3001BD00B12729 /* Debug */,
				CB0235F62D3001BD00B12729 /* Release */,
			);
			defaultConfigurationIsVisible = 0;
			defaultConfigurationName = Release;
		};
/* End XCConfigurationList section */

/* Begin XCRemoteSwiftPackageReference section */
		CB0236432D300ED200B12729 /* XCRemoteSwiftPackageReference "SnapKit" */ = {
			isa = XCRemoteSwiftPackageReference;
			repositoryURL = "https://github.com/SnapKit/SnapKit.git";
			requirement = {
				kind = upToNextMajorVersion;
				minimumVersion = 5.7.1;
			};
		};
		CB0236442D300F9600B12729 /* XCRemoteSwiftPackageReference "firebase-ios-sdk" */ = {
			isa = XCRemoteSwiftPackageReference;
			repositoryURL = "https://github.com/firebase/firebase-ios-sdk.git";
			requirement = {
				kind = upToNextMajorVersion;
				minimumVersion = 11.6.0;
			};
		};
		CBD9300C2D3F8C39008434BE /* XCRemoteSwiftPackageReference "SDWebImage" */ = {
			isa = XCRemoteSwiftPackageReference;
			repositoryURL = "https://github.com/SDWebImage/SDWebImage.git";
			requirement = {
				kind = upToNextMajorVersion;
				minimumVersion = 5.20.0;
			};
		};
/* End XCRemoteSwiftPackageReference section */

/* Begin XCSwiftPackageProductDependency section */
		CB0236462D300FCA00B12729 /* FirebaseAnalytics */ = {
			isa = XCSwiftPackageProductDependency;
			package = CB0236442D300F9600B12729 /* XCRemoteSwiftPackageReference "firebase-ios-sdk" */;
			productName = FirebaseAnalytics;
		};
		CB0236482D300FDA00B12729 /* FirebaseCrashlytics */ = {
			isa = XCSwiftPackageProductDependency;
			package = CB0236442D300F9600B12729 /* XCRemoteSwiftPackageReference "firebase-ios-sdk" */;
			productName = FirebaseCrashlytics;
		};
		CB02364A2D300FE300B12729 /* SnapKit */ = {
			isa = XCSwiftPackageProductDependency;
			package = CB0236432D300ED200B12729 /* XCRemoteSwiftPackageReference "SnapKit" */;
			productName = SnapKit;
		};
		CB02364C2D30101400B12729 /* FirebaseCore */ = {
			isa = XCSwiftPackageProductDependency;
			package = CB0236442D300F9600B12729 /* XCRemoteSwiftPackageReference "firebase-ios-sdk" */;
			productName = FirebaseCore;
		};
		CB0236542D30104C00B12729 /* FirebaseAppDistribution-Beta */ = {
			isa = XCSwiftPackageProductDependency;
			package = CB0236442D300F9600B12729 /* XCRemoteSwiftPackageReference "firebase-ios-sdk" */;
			productName = "FirebaseAppDistribution-Beta";
		};
		CB0236562D30104C00B12729 /* FirebaseAuth */ = {
			isa = XCSwiftPackageProductDependency;
			package = CB0236442D300F9600B12729 /* XCRemoteSwiftPackageReference "firebase-ios-sdk" */;
			productName = FirebaseAuth;
		};
		CB02365E2D30104C00B12729 /* FirebaseFirestore */ = {
			isa = XCSwiftPackageProductDependency;
			package = CB0236442D300F9600B12729 /* XCRemoteSwiftPackageReference "firebase-ios-sdk" */;
			productName = FirebaseFirestore;
		};
		CB0236622D30104C00B12729 /* FirebaseFunctions */ = {
			isa = XCSwiftPackageProductDependency;
			package = CB0236442D300F9600B12729 /* XCRemoteSwiftPackageReference "firebase-ios-sdk" */;
			productName = FirebaseFunctions;
		};
		CB02366E2D30104C00B12729 /* FirebasePerformance */ = {
			isa = XCSwiftPackageProductDependency;
			package = CB0236442D300F9600B12729 /* XCRemoteSwiftPackageReference "firebase-ios-sdk" */;
			productName = FirebasePerformance;
		};
		CB0236702D30104C00B12729 /* FirebaseRemoteConfig */ = {
			isa = XCSwiftPackageProductDependency;
			package = CB0236442D300F9600B12729 /* XCRemoteSwiftPackageReference "firebase-ios-sdk" */;
			productName = FirebaseRemoteConfig;
		};
		CBE36BCA2D3F8CB40015FD4C /* SDWebImage */ = {
			isa = XCSwiftPackageProductDependency;
			package = CBD9300C2D3F8C39008434BE /* XCRemoteSwiftPackageReference "SDWebImage" */;
			productName = SDWebImage;
		};
/* End XCSwiftPackageProductDependency section */
	};
	rootObject = CB0235BB2D3001BC00B12729 /* Project object */;
}
