// !$*UTF8*$!
{
	archiveVersion = 1;
	classes = {
	};
	objectVersion = 77;
	objects = {

/* Begin PBXBuildFile section */
		CB0236472D300FCA00B12729 /* FirebaseAnalytics in Frameworks */ = {isa = PBXBuildFile; productRef = CB0236462D300FCA00B12729 /* FirebaseAnalytics */; };
		CB0236492D300FDA00B12729 /* FirebaseCrashlytics in Frameworks */ = {isa = PBXBuildFile; productRef = CB0236482D300FDA00B12729 /* FirebaseCrashlytics */; };
		CB02364B2D300FE300B12729 /* SnapKit in Frameworks */ = {isa = PBXBuildFile; productRef = CB02364A2D300FE300B12729 /* SnapKit */; };
		CB02364D2D30101400B12729 /* FirebaseCore in Frameworks */ = {isa = PBXBuildFile; productRef = CB02364C2D30101400B12729 /* FirebaseCore */; };
		CB0236512D30104C00B12729 /* FirebaseAnalyticsWithoutAdIdSupport in Frameworks */ = {isa = PBXBuildFile; productRef = CB0236502D30104C00B12729 /* FirebaseAnalyticsWithoutAdIdSupport */; };
		CB0236532D30104C00B12729 /* FirebaseAppCheck in Frameworks */ = {isa = PBXBuildFile; productRef = CB0236522D30104C00B12729 /* FirebaseAppCheck */; };
		CB0236552D30104C00B12729 /* FirebaseAppDistribution-Beta in Frameworks */ = {isa = PBXBuildFile; productRef = CB0236542D30104C00B12729 /* FirebaseAppDistribution-Beta */; };
		CB0236572D30104C00B12729 /* FirebaseAuth in Frameworks */ = {isa = PBXBuildFile; productRef = CB0236562D30104C00B12729 /* FirebaseAuth */; };
		CB0236592D30104C00B12729 /* FirebaseAuthCombine-Community in Frameworks */ = {isa = PBXBuildFile; productRef = CB0236582D30104C00B12729 /* FirebaseAuthCombine-Community */; };
		CB02365D2D30104C00B12729 /* FirebaseDynamicLinks in Frameworks */ = {isa = PBXBuildFile; productRef = CB02365C2D30104C00B12729 /* FirebaseDynamicLinks */; };
		CB02365F2D30104C00B12729 /* FirebaseFirestore in Frameworks */ = {isa = PBXBuildFile; productRef = CB02365E2D30104C00B12729 /* FirebaseFirestore */; };
		CB0236612D30104C00B12729 /* FirebaseFirestoreCombine-Community in Frameworks */ = {isa = PBXBuildFile; productRef = CB0236602D30104C00B12729 /* FirebaseFirestoreCombine-Community */; };
		CB0236632D30104C00B12729 /* FirebaseFunctions in Frameworks */ = {isa = PBXBuildFile; productRef = CB0236622D30104C00B12729 /* FirebaseFunctions */; };
		CB0236672D30104C00B12729 /* FirebaseInAppMessaging-Beta in Frameworks */ = {isa = PBXBuildFile; productRef = CB0236662D30104C00B12729 /* FirebaseInAppMessaging-Beta */; };
		CB02366B2D30104C00B12729 /* FirebaseMessaging in Frameworks */ = {isa = PBXBuildFile; productRef = CB02366A2D30104C00B12729 /* FirebaseMessaging */; };
		CB02366F2D30104C00B12729 /* FirebasePerformance in Frameworks */ = {isa = PBXBuildFile; productRef = CB02366E2D30104C00B12729 /* FirebasePerformance */; };
		CB0236712D30104C00B12729 /* FirebaseRemoteConfig in Frameworks */ = {isa = PBXBuildFile; productRef = CB0236702D30104C00B12729 /* FirebaseRemoteConfig */; };
		CB0236752D30104C00B12729 /* FirebaseStorageCombine-Community in Frameworks */ = {isa = PBXBuildFile; productRef = CB0236742D30104C00B12729 /* FirebaseStorageCombine-Community */; };
		CB0236772D30104C00B12729 /* FirebaseVertexAI in Frameworks */ = {isa = PBXBuildFile; productRef = CB0236762D30104C00B12729 /* FirebaseVertexAI */; };
		CB0236872D30235800B12729 /* SDWebImage in Frameworks */ = {isa = PBXBuildFile; productRef = CB0236862D30235800B12729 /* SDWebImage */; };
/* End PBXBuildFile section */

/* Begin PBXContainerItemProxy section */
		CB0235DA2D3001BD00B12729 /* PBXContainerItemProxy */ = {
			isa = PBXContainerItemProxy;
			containerPortal = CB0235BB2D3001BC00B12729 /* Project object */;
			proxyType = 1;
			remoteGlobalIDString = CB0235C22D3001BC00B12729;
			remoteInfo = DefineXHomeAssigment;
		};
		CB0235E42D3001BD00B12729 /* PBXContainerItemProxy */ = {
			isa = PBXContainerItemProxy;
			containerPortal = CB0235BB2D3001BC00B12729 /* Project object */;
			proxyType = 1;
			remoteGlobalIDString = CB0235C22D3001BC00B12729;
			remoteInfo = DefineXHomeAssigment;
		};
/* End PBXContainerItemProxy section */

/* Begin PBXFileReference section */
		CB0235C32D3001BC00B12729 /* DefineXHomeAssigment.app */ = {isa = PBXFileReference; explicitFileType = wrapper.application; includeInIndex = 0; path = DefineXHomeAssigment.app; sourceTree = BUILT_PRODUCTS_DIR; };
		CB0235D92D3001BD00B12729 /* DefineXHomeAssigmentTests.xctest */ = {isa = PBXFileReference; explicitFileType = wrapper.cfbundle; includeInIndex = 0; path = DefineXHomeAssigmentTests.xctest; sourceTree = BUILT_PRODUCTS_DIR; };
		CB0235E32D3001BD00B12729 /* DefineXHomeAssigmentUITests.xctest */ = {isa = PBXFileReference; explicitFileType = wrapper.cfbundle; includeInIndex = 0; path = DefineXHomeAssigmentUITests.xctest; sourceTree = BUILT_PRODUCTS_DIR; };
/* End PBXFileReference section */

/* Begin PBXFileSystemSynchronizedBuildFileExceptionSet section */
		CB0235EB2D3001BD00B12729 /* Exceptions for "DefineXHomeAssigment" folder in "DefineXHomeAssigment" target */ = {
			isa = PBXFileSystemSynchronizedBuildFileExceptionSet;
			membershipExceptions = (
				Application/Info.plist,
			);
			target = CB0235C22D3001BC00B12729 /* DefineXHomeAssigment */;
		};
/* End PBXFileSystemSynchronizedBuildFileExceptionSet section */

/* Begin PBXFileSystemSynchronizedRootGroup section */
		CB0235C52D3001BC00B12729 /* DefineXHomeAssigment */ = {
			isa = PBXFileSystemSynchronizedRootGroup;
			exceptions = (
				CB0235EB2D3001BD00B12729 /* Exceptions for "DefineXHomeAssigment" folder in "DefineXHomeAssigment" target */,
			);
			path = DefineXHomeAssigment;
			sourceTree = "<group>";
		};
		CB0235DC2D3001BD00B12729 /* DefineXHomeAssigmentTests */ = {
			isa = PBXFileSystemSynchronizedRootGroup;
			path = DefineXHomeAssigmentTests;
			sourceTree = "<group>";
		};
		CB0235E62D3001BD00B12729 /* DefineXHomeAssigmentUITests */ = {
			isa = PBXFileSystemSynchronizedRootGroup;
			path = DefineXHomeAssigmentUITests;
			sourceTree = "<group>";
		};
/* End PBXFileSystemSynchronizedRootGroup section */

/* Begin PBXFrameworksBuildPhase section */
		CB0235C02D3001BC00B12729 /* Frameworks */ = {
			isa = PBXFrameworksBuildPhase;
			buildActionMask = 2147483647;
			files = (
				CB02364B2D300FE300B12729 /* SnapKit in Frameworks */,
				CB02365F2D30104C00B12729 /* FirebaseFirestore in Frameworks */,
				CB0236512D30104C00B12729 /* FirebaseAnalyticsWithoutAdIdSupport in Frameworks */,
				CB0236472D300FCA00B12729 /* FirebaseAnalytics in Frameworks */,
				CB0236672D30104C00B12729 /* FirebaseInAppMessaging-Beta in Frameworks */,
				CB0236572D30104C00B12729 /* FirebaseAuth in Frameworks */,
				CB02366B2D30104C00B12729 /* FirebaseMessaging in Frameworks */,
				CB0236872D30235800B12729 /* SDWebImage in Frameworks */,
				CB0236752D30104C00B12729 /* FirebaseStorageCombine-Community in Frameworks */,
				CB0236532D30104C00B12729 /* FirebaseAppCheck in Frameworks */,
				CB0236772D30104C00B12729 /* FirebaseVertexAI in Frameworks */,
				CB0236712D30104C00B12729 /* FirebaseRemoteConfig in Frameworks */,
				CB02364D2D30101400B12729 /* FirebaseCore in Frameworks */,
				CB0236492D300FDA00B12729 /* FirebaseCrashlytics in Frameworks */,
				CB02366F2D30104C00B12729 /* FirebasePerformance in Frameworks */,
				CB0236552D30104C00B12729 /* FirebaseAppDistribution-Beta in Frameworks */,
				CB0236592D30104C00B12729 /* FirebaseAuthCombine-Community in Frameworks */,
				CB0236632D30104C00B12729 /* FirebaseFunctions in Frameworks */,
				CB02365D2D30104C00B12729 /* FirebaseDynamicLinks in Frameworks */,
				CB0236612D30104C00B12729 /* FirebaseFirestoreCombine-Community in Frameworks */,
			);
			runOnlyForDeploymentPostprocessing = 0;
		};
		CB0235D62D3001BD00B12729 /* Frameworks */ = {
			isa = PBXFrameworksBuildPhase;
			buildActionMask = 2147483647;
			files = (
			);
			runOnlyForDeploymentPostprocessing = 0;
		};
		CB0235E02D3001BD00B12729 /* Frameworks */ = {
			isa = PBXFrameworksBuildPhase;
			buildActionMask = 2147483647;
			files = (
			);
			runOnlyForDeploymentPostprocessing = 0;
		};
/* End PBXFrameworksBuildPhase section */

/* Begin PBXGroup section */
		CB0235BA2D3001BC00B12729 = {
			isa = PBXGroup;
			children = (
				CB0235C52D3001BC00B12729 /* DefineXHomeAssigment */,
				CB0235DC2D3001BD00B12729 /* DefineXHomeAssigmentTests */,
				CB0235E62D3001BD00B12729 /* DefineXHomeAssigmentUITests */,
				CB0236452D300FCA00B12729 /* Frameworks */,
				CB0235C42D3001BC00B12729 /* Products */,
			);
			sourceTree = "<group>";
		};
		CB0235C42D3001BC00B12729 /* Products */ = {
			isa = PBXGroup;
			children = (
				CB0235C32D3001BC00B12729 /* DefineXHomeAssigment.app */,
				CB0235D92D3001BD00B12729 /* DefineXHomeAssigmentTests.xctest */,
				CB0235E32D3001BD00B12729 /* DefineXHomeAssigmentUITests.xctest */,
			);
			name = Products;
			sourceTree = "<group>";
		};
		CB0236452D300FCA00B12729 /* Frameworks */ = {
			isa = PBXGroup;
			children = (
			);
			name = Frameworks;
			sourceTree = "<group>";
		};
/* End PBXGroup section */

/* Begin PBXNativeTarget section */
		CB0235C22D3001BC00B12729 /* DefineXHomeAssigment */ = {
			isa = PBXNativeTarget;
			buildConfigurationList = CB0235EC2D3001BD00B12729 /* Build configuration list for PBXNativeTarget "DefineXHomeAssigment" */;
			buildPhases = (
				CB0235BF2D3001BC00B12729 /* Sources */,
				CB0235C02D3001BC00B12729 /* Frameworks */,
				CB0235C12D3001BC00B12729 /* Resources */,
			);
			buildRules = (
			);
			dependencies = (
			);
			fileSystemSynchronizedGroups = (
				CB0235C52D3001BC00B12729 /* DefineXHomeAssigment */,
			);
			name = DefineXHomeAssigment;
			packageProductDependencies = (
				CB0236462D300FCA00B12729 /* FirebaseAnalytics */,
				CB0236482D300FDA00B12729 /* FirebaseCrashlytics */,
				CB02364A2D300FE300B12729 /* SnapKit */,
				CB02364C2D30101400B12729 /* FirebaseCore */,
				CB0236502D30104C00B12729 /* FirebaseAnalyticsWithoutAdIdSupport */,
				CB0236522D30104C00B12729 /* FirebaseAppCheck */,
				CB0236542D30104C00B12729 /* FirebaseAppDistribution-Beta */,
				CB0236562D30104C00B12729 /* FirebaseAuth */,
				CB0236582D30104C00B12729 /* FirebaseAuthCombine-Community */,
				CB02365C2D30104C00B12729 /* FirebaseDynamicLinks */,
				CB02365E2D30104C00B12729 /* FirebaseFirestore */,
				CB0236602D30104C00B12729 /* FirebaseFirestoreCombine-Community */,
				CB0236622D30104C00B12729 /* FirebaseFunctions */,
				CB0236662D30104C00B12729 /* FirebaseInAppMessaging-Beta */,
				CB02366A2D30104C00B12729 /* FirebaseMessaging */,
				CB02366E2D30104C00B12729 /* FirebasePerformance */,
				CB0236702D30104C00B12729 /* FirebaseRemoteConfig */,
				CB0236742D30104C00B12729 /* FirebaseStorageCombine-Community */,
				CB0236762D30104C00B12729 /* FirebaseVertexAI */,
				CB0236862D30235800B12729 /* SDWebImage */,
			);
			productName = DefineXHomeAssigment;
			productReference = CB0235C32D3001BC00B12729 /* DefineXHomeAssigment.app */;
			productType = "com.apple.product-type.application";
		};
		CB0235D82D3001BD00B12729 /* DefineXHomeAssigmentTests */ = {
			isa = PBXNativeTarget;
			buildConfigurationList = CB0235F12D3001BD00B12729 /* Build configuration list for PBXNativeTarget "DefineXHomeAssigmentTests" */;
			buildPhases = (
				CB0235D52D3001BD00B12729 /* Sources */,
				CB0235D62D3001BD00B12729 /* Frameworks */,
				CB0235D72D3001BD00B12729 /* Resources */,
			);
			buildRules = (
			);
			dependencies = (
				CB0235DB2D3001BD00B12729 /* PBXTargetDependency */,
			);
			fileSystemSynchronizedGroups = (
				CB0235DC2D3001BD00B12729 /* DefineXHomeAssigmentTests */,
			);
			name = DefineXHomeAssigmentTests;
			packageProductDependencies = (
			);
			productName = DefineXHomeAssigmentTests;
			productReference = CB0235D92D3001BD00B12729 /* DefineXHomeAssigmentTests.xctest */;
			productType = "com.apple.product-type.bundle.unit-test";
		};
		CB0235E22D3001BD00B12729 /* DefineXHomeAssigmentUITests */ = {
			isa = PBXNativeTarget;
			buildConfigurationList = CB0235F42D3001BD00B12729 /* Build configuration list for PBXNativeTarget "DefineXHomeAssigmentUITests" */;
			buildPhases = (
				CB0235DF2D3001BD00B12729 /* Sources */,
				CB0235E02D3001BD00B12729 /* Frameworks */,
				CB0235E12D3001BD00B12729 /* Resources */,
			);
			buildRules = (
			);
			dependencies = (
				CB0235E52D3001BD00B12729 /* PBXTargetDependency */,
			);
			fileSystemSynchronizedGroups = (
				CB0235E62D3001BD00B12729 /* DefineXHomeAssigmentUITests */,
			);
			name = DefineXHomeAssigmentUITests;
			packageProductDependencies = (
			);
			productName = DefineXHomeAssigmentUITests;
			productReference = CB0235E32D3001BD00B12729 /* DefineXHomeAssigmentUITests.xctest */;
			productType = "com.apple.product-type.bundle.ui-testing";
		};
/* End PBXNativeTarget section */

/* Begin PBXProject section */
		CB0235BB2D3001BC00B12729 /* Project object */ = {
			isa = PBXProject;
			attributes = {
				BuildIndependentTargetsInParallel = 1;
				LastSwiftUpdateCheck = 1620;
				LastUpgradeCheck = 1620;
				TargetAttributes = {
					CB0235C22D3001BC00B12729 = {
						CreatedOnToolsVersion = 16.2;
					};
					CB0235D82D3001BD00B12729 = {
						CreatedOnToolsVersion = 16.2;
						TestTargetID = CB0235C22D3001BC00B12729;
					};
					CB0235E22D3001BD00B12729 = {
						CreatedOnToolsVersion = 16.2;
						TestTargetID = CB0235C22D3001BC00B12729;
					};
				};
			};
			buildConfigurationList = CB0235BE2D3001BC00B12729 /* Build configuration list for PBXProject "DefineXHomeAssigment" */;
			developmentRegion = en;
			hasScannedForEncodings = 0;
			knownRegions = (
				en,
				Base,
				tr,
			);
			mainGroup = CB0235BA2D3001BC00B12729;
			minimizedProjectReferenceProxies = 1;
			packageReferences = (
				CB0236432D300ED200B12729 /* XCRemoteSwiftPackageReference "SnapKit" */,
				CB0236442D300F9600B12729 /* XCRemoteSwiftPackageReference "firebase-ios-sdk" */,
				CB0236852D30235800B12729 /* XCRemoteSwiftPackageReference "SDWebImage" */,
			);
			preferredProjectObjectVersion = 77;
			productRefGroup = CB0235C42D3001BC00B12729 /* Products */;
			projectDirPath = "";
			projectRoot = "";
			targets = (
				CB0235C22D3001BC00B12729 /* DefineXHomeAssigment */,
				CB0235D82D3001BD00B12729 /* DefineXHomeAssigmentTests */,
				CB0235E22D3001BD00B12729 /* DefineXHomeAssigmentUITests */,
			);
		};
/* End PBXProject section */

/* Begin PBXResourcesBuildPhase section */
		CB0235C12D3001BC00B12729 /* Resources */ = {
			isa = PBXResourcesBuildPhase;
			buildActionMask = 2147483647;
			files = (
			);
			runOnlyForDeploymentPostprocessing = 0;
		};
		CB0235D72D3001BD00B12729 /* Resources */ = {
			isa = PBXResourcesBuildPhase;
			buildActionMask = 2147483647;
			files = (
			);
			runOnlyForDeploymentPostprocessing = 0;
		};
		CB0235E12D3001BD00B12729 /* Resources */ = {
			isa = PBXResourcesBuildPhase;
			buildActionMask = 2147483647;
			files = (
			);
			runOnlyForDeploymentPostprocessing = 0;
		};
/* End PBXResourcesBuildPhase section */

/* Begin PBXSourcesBuildPhase section */
		CB0235BF2D3001BC00B12729 /* Sources */ = {
			isa = PBXSourcesBuildPhase;
			buildActionMask = 2147483647;
			files = (
			);
			runOnlyForDeploymentPostprocessing = 0;
		};
		CB0235D52D3001BD00B12729 /* Sources */ = {
			isa = PBXSourcesBuildPhase;
			buildActionMask = 2147483647;
			files = (
			);
			runOnlyForDeploymentPostprocessing = 0;
		};
		CB0235DF2D3001BD00B12729 /* Sources */ = {
			isa = PBXSourcesBuildPhase;
			buildActionMask = 2147483647;
			files = (
			);
			runOnlyForDeploymentPostprocessing = 0;
		};
/* End PBXSourcesBuildPhase section */

/* Begin PBXTargetDependency section */
		CB0235DB2D3001BD00B12729 /* PBXTargetDependency */ = {
			isa = PBXTargetDependency;
			target = CB0235C22D3001BC00B12729 /* DefineXHomeAssigment */;
			targetProxy = CB0235DA2D3001BD00B12729 /* PBXContainerItemProxy */;
		};
		CB0235E52D3001BD00B12729 /* PBXTargetDependency */ = {
			isa = PBXTargetDependency;
			target = CB0235C22D3001BC00B12729 /* DefineXHomeAssigment */;
			targetProxy = CB0235E42D3001BD00B12729 /* PBXContainerItemProxy */;
		};
/* End PBXTargetDependency section */

/* Begin XCBuildConfiguration section */
		CB0235ED2D3001BD00B12729 /* Debug */ = {
			isa = XCBuildConfiguration;
			buildSettings = {
				ASSETCATALOG_COMPILER_APPICON_NAME = AppIcon;
				ASSETCATALOG_COMPILER_GLOBAL_ACCENT_COLOR_NAME = AccentColor;
				CODE_SIGN_STYLE = Automatic;
				CURRENT_PROJECT_VERSION = 1;
				DEVELOPMENT_ASSET_PATHS = "";
				DEVELOPMENT_TEAM = QDC8RAVSGM;
				GENERATE_INFOPLIST_FILE = YES;
				INFOPLIST_FILE = DefineXHomeAssigment/Application/Info.plist;
				INFOPLIST_KEY_UIApplicationSupportsIndirectInputEvents = YES;
				INFOPLIST_KEY_UILaunchStoryboardName = LaunchScreen;
				INFOPLIST_KEY_UIMainStoryboardFile = Main;
				INFOPLIST_KEY_UISupportedInterfaceOrientations_iPad = "UIInterfaceOrientationPortrait UIInterfaceOrientationPortraitUpsideDown UIInterfaceOrientationLandscapeLeft UIInterfaceOrientationLandscapeRight";
				INFOPLIST_KEY_UISupportedInterfaceOrientations_iPhone = "UIInterfaceOrientationPortrait UIInterfaceOrientationLandscapeLeft UIInterfaceOrientationLandscapeRight";
				LD_RUNPATH_SEARCH_PATHS = (
					"$(inherited)",
					"@executable_path/Frameworks",
				);
				MARKETING_VERSION = 1.0;
				PRODUCT_BUNDLE_IDENTIFIER = AppWess.DefineXHomeAssigment;
				PRODUCT_NAME = "$(TARGET_NAME)";
				SWIFT_EMIT_LOC_STRINGS = YES;
				SWIFT_VERSION = 5.0;
				TARGETED_DEVICE_FAMILY = "1,2";
			};
			name = Debug;
		};
		CB0235EE2D3001BD00B12729 /* Release */ = {
			isa = XCBuildConfiguration;
			buildSettings = {
				ASSETCATALOG_COMPILER_APPICON_NAME = AppIcon;
				ASSETCATALOG_COMPILER_GLOBAL_ACCENT_COLOR_NAME = AccentColor;
				CODE_SIGN_STYLE = Automatic;
				CURRENT_PROJECT_VERSION = 1;
				DEVELOPMENT_ASSET_PATHS = "";
				DEVELOPMENT_TEAM = QDC8RAVSGM;
				GENERATE_INFOPLIST_FILE = YES;
				INFOPLIST_FILE = DefineXHomeAssigment/Application/Info.plist;
				INFOPLIST_KEY_UIApplicationSupportsIndirectInputEvents = YES;
				INFOPLIST_KEY_UILaunchStoryboardName = LaunchScreen;
				INFOPLIST_KEY_UIMainStoryboardFile = Main;
				INFOPLIST_KEY_UISupportedInterfaceOrientations_iPad = "UIInterfaceOrientationPortrait UIInterfaceOrientationPortraitUpsideDown UIInterfaceOrientationLandscapeLeft UIInterfaceOrientationLandscapeRight";
				INFOPLIST_KEY_UISupportedInterfaceOrientations_iPhone = "UIInterfaceOrientationPortrait UIInterfaceOrientationLandscapeLeft UIInterfaceOrientationLandscapeRight";
				LD_RUNPATH_SEARCH_PATHS = (
					"$(inherited)",
					"@executable_path/Frameworks",
				);
				MARKETING_VERSION = 1.0;
				PRODUCT_BUNDLE_IDENTIFIER = AppWess.DefineXHomeAssigment;
				PRODUCT_NAME = "$(TARGET_NAME)";
				SWIFT_EMIT_LOC_STRINGS = YES;
				SWIFT_VERSION = 5.0;
				TARGETED_DEVICE_FAMILY = "1,2";
			};
			name = Release;
		};
		CB0235EF2D3001BD00B12729 /* Debug */ = {
			isa = XCBuildConfiguration;
			buildSettings = {
				ALWAYS_SEARCH_USER_PATHS = NO;
				ASSETCATALOG_COMPILER_GENERATE_SWIFT_ASSET_SYMBOL_EXTENSIONS = YES;
				CLANG_ANALYZER_NONNULL = YES;
				CLANG_ANALYZER_NUMBER_OBJECT_CONVERSION = YES_AGGRESSIVE;
				CLANG_CXX_LANGUAGE_STANDARD = "gnu++20";
				CLANG_ENABLE_MODULES = YES;
				CLANG_ENABLE_OBJC_ARC = YES;
				CLANG_ENABLE_OBJC_WEAK = YES;
				CLANG_WARN_BLOCK_CAPTURE_AUTORELEASING = YES;
				CLANG_WARN_BOOL_CONVERSION = YES;
				CLANG_WARN_COMMA = YES;
				CLANG_WARN_CONSTANT_CONVERSION = YES;
				CLANG_WARN_DEPRECATED_OBJC_IMPLEMENTATIONS = YES;
				CLANG_WARN_DIRECT_OBJC_ISA_USAGE = YES_ERROR;
				CLANG_WARN_DOCUMENTATION_COMMENTS = YES;
				CLANG_WARN_EMPTY_BODY = YES;
				CLANG_WARN_ENUM_CONVERSION = YES;
				CLANG_WARN_INFINITE_RECURSION = YES;
				CLANG_WARN_INT_CONVERSION = YES;
				CLANG_WARN_NON_LITERAL_NULL_CONVERSION = YES;
				CLANG_WARN_OBJC_IMPLICIT_RETAIN_SELF = YES;
				CLANG_WARN_OBJC_LITERAL_CONVERSION = YES;
				CLANG_WARN_OBJC_ROOT_CLASS = YES_ERROR;
				CLANG_WARN_QUOTED_INCLUDE_IN_FRAMEWORK_HEADER = YES;
				CLANG_WARN_RANGE_LOOP_ANALYSIS = YES;
				CLANG_WARN_STRICT_PROTOTYPES = YES;
				CLANG_WARN_SUSPICIOUS_MOVE = YES;
				CLANG_WARN_UNGUARDED_AVAILABILITY = YES_AGGRESSIVE;
				CLANG_WARN_UNREACHABLE_CODE = YES;
				CLANG_WARN__DUPLICATE_METHOD_MATCH = YES;
				COPY_PHASE_STRIP = NO;
				DEBUG_INFORMATION_FORMAT = dwarf;
				ENABLE_STRICT_OBJC_MSGSEND = YES;
				ENABLE_TESTABILITY = YES;
				ENABLE_USER_SCRIPT_SANDBOXING = YES;
				GCC_C_LANGUAGE_STANDARD = gnu17;
				GCC_DYNAMIC_NO_PIC = NO;
				GCC_NO_COMMON_BLOCKS = YES;
				GCC_OPTIMIZATION_LEVEL = 0;
				GCC_PREPROCESSOR_DEFINITIONS = (
					"DEBUG=1",
					"$(inherited)",
				);
				GCC_WARN_64_TO_32_BIT_CONVERSION = YES;
				GCC_WARN_ABOUT_RETURN_TYPE = YES_ERROR;
				GCC_WARN_UNDECLARED_SELECTOR = YES;
				GCC_WARN_UNINITIALIZED_AUTOS = YES_AGGRESSIVE;
				GCC_WARN_UNUSED_FUNCTION = YES;
				GCC_WARN_UNUSED_VARIABLE = YES;
				IPHONEOS_DEPLOYMENT_TARGET = 18.2;
				LOCALIZATION_PREFERS_STRING_CATALOGS = YES;
				MTL_ENABLE_DEBUG_INFO = INCLUDE_SOURCE;
				MTL_FAST_MATH = YES;
				ONLY_ACTIVE_ARCH = YES;
				SDKROOT = iphoneos;
				SWIFT_ACTIVE_COMPILATION_CONDITIONS = "DEBUG $(inherited)";
				SWIFT_OPTIMIZATION_LEVEL = "-Onone";
			};
			name = Debug;
		};
		CB0235F02D3001BD00B12729 /* Release */ = {
			isa = XCBuildConfiguration;
			buildSettings = {
				ALWAYS_SEARCH_USER_PATHS = NO;
				ASSETCATALOG_COMPILER_GENERATE_SWIFT_ASSET_SYMBOL_EXTENSIONS = YES;
				CLANG_ANALYZER_NONNULL = YES;
				CLANG_ANALYZER_NUMBER_OBJECT_CONVERSION = YES_AGGRESSIVE;
				CLANG_CXX_LANGUAGE_STANDARD = "gnu++20";
				CLANG_ENABLE_MODULES = YES;
				CLANG_ENABLE_OBJC_ARC = YES;
				CLANG_ENABLE_OBJC_WEAK = YES;
				CLANG_WARN_BLOCK_CAPTURE_AUTORELEASING = YES;
				CLANG_WARN_BOOL_CONVERSION = YES;
				CLANG_WARN_COMMA = YES;
				CLANG_WARN_CONSTANT_CONVERSION = YES;
				CLANG_WARN_DEPRECATED_OBJC_IMPLEMENTATIONS = YES;
				CLANG_WARN_DIRECT_OBJC_ISA_USAGE = YES_ERROR;
				CLANG_WARN_DOCUMENTATION_COMMENTS = YES;
				CLANG_WARN_EMPTY_BODY = YES;
				CLANG_WARN_ENUM_CONVERSION = YES;
				CLANG_WARN_INFINITE_RECURSION = YES;
				CLANG_WARN_INT_CONVERSION = YES;
				CLANG_WARN_NON_LITERAL_NULL_CONVERSION = YES;
				CLANG_WARN_OBJC_IMPLICIT_RETAIN_SELF = YES;
				CLANG_WARN_OBJC_LITERAL_CONVERSION = YES;
				CLANG_WARN_OBJC_ROOT_CLASS = YES_ERROR;
				CLANG_WARN_QUOTED_INCLUDE_IN_FRAMEWORK_HEADER = YES;
				CLANG_WARN_RANGE_LOOP_ANALYSIS = YES;
				CLANG_WARN_STRICT_PROTOTYPES = YES;
				CLANG_WARN_SUSPICIOUS_MOVE = YES;
				CLANG_WARN_UNGUARDED_AVAILABILITY = YES_AGGRESSIVE;
				CLANG_WARN_UNREACHABLE_CODE = YES;
				CLANG_WARN__DUPLICATE_METHOD_MATCH = YES;
				COPY_PHASE_STRIP = NO;
				DEBUG_INFORMATION_FORMAT = "dwarf-with-dsym";
				ENABLE_NS_ASSERTIONS = NO;
				ENABLE_STRICT_OBJC_MSGSEND = YES;
				ENABLE_USER_SCRIPT_SANDBOXING = YES;
				GCC_C_LANGUAGE_STANDARD = gnu17;
				GCC_NO_COMMON_BLOCKS = YES;
				GCC_WARN_64_TO_32_BIT_CONVERSION = YES;
				GCC_WARN_ABOUT_RETURN_TYPE = YES_ERROR;
				GCC_WARN_UNDECLARED_SELECTOR = YES;
				GCC_WARN_UNINITIALIZED_AUTOS = YES_AGGRESSIVE;
				GCC_WARN_UNUSED_FUNCTION = YES;
				GCC_WARN_UNUSED_VARIABLE = YES;
				IPHONEOS_DEPLOYMENT_TARGET = 18.2;
				LOCALIZATION_PREFERS_STRING_CATALOGS = YES;
				MTL_ENABLE_DEBUG_INFO = NO;
				MTL_FAST_MATH = YES;
				SDKROOT = iphoneos;
				SWIFT_COMPILATION_MODE = wholemodule;
				VALIDATE_PRODUCT = YES;
			};
			name = Release;
		};
		CB0235F22D3001BD00B12729 /* Debug */ = {
			isa = XCBuildConfiguration;
			buildSettings = {
				BUNDLE_LOADER = "$(TEST_HOST)";
				CODE_SIGN_STYLE = Automatic;
				CURRENT_PROJECT_VERSION = 1;
				DEVELOPMENT_TEAM = QDC8RAVSGM;
				GENERATE_INFOPLIST_FILE = YES;
				IPHONEOS_DEPLOYMENT_TARGET = 18.2;
				MARKETING_VERSION = 1.0;
				PRODUCT_BUNDLE_IDENTIFIER = AppWess.DefineXHomeAssigmentTests;
				PRODUCT_NAME = "$(TARGET_NAME)";
				SWIFT_EMIT_LOC_STRINGS = NO;
				SWIFT_VERSION = 5.0;
				TARGETED_DEVICE_FAMILY = "1,2";
				TEST_HOST = "$(BUILT_PRODUCTS_DIR)/DefineXHomeAssigment.app/$(BUNDLE_EXECUTABLE_FOLDER_PATH)/DefineXHomeAssigment";
			};
			name = Debug;
		};
		CB0235F32D3001BD00B12729 /* Release */ = {
			isa = XCBuildConfiguration;
			buildSettings = {
				BUNDLE_LOADER = "$(TEST_HOST)";
				CODE_SIGN_STYLE = Automatic;
				CURRENT_PROJECT_VERSION = 1;
				DEVELOPMENT_TEAM = QDC8RAVSGM;
				GENERATE_INFOPLIST_FILE = YES;
				IPHONEOS_DEPLOYMENT_TARGET = 18.2;
				MARKETING_VERSION = 1.0;
				PRODUCT_BUNDLE_IDENTIFIER = AppWess.DefineXHomeAssigmentTests;
				PRODUCT_NAME = "$(TARGET_NAME)";
				SWIFT_EMIT_LOC_STRINGS = NO;
				SWIFT_VERSION = 5.0;
				TARGETED_DEVICE_FAMILY = "1,2";
				TEST_HOST = "$(BUILT_PRODUCTS_DIR)/DefineXHomeAssigment.app/$(BUNDLE_EXECUTABLE_FOLDER_PATH)/DefineXHomeAssigment";
			};
			name = Release;
		};
		CB0235F52D3001BD00B12729 /* Debug */ = {
			isa = XCBuildConfiguration;
			buildSettings = {
				CODE_SIGN_STYLE = Automatic;
				CURRENT_PROJECT_VERSION = 1;
				DEVELOPMENT_TEAM = QDC8RAVSGM;
				GENERATE_INFOPLIST_FILE = YES;
				MARKETING_VERSION = 1.0;
				PRODUCT_BUNDLE_IDENTIFIER = AppWess.DefineXHomeAssigmentUITests;
				PRODUCT_NAME = "$(TARGET_NAME)";
				SWIFT_EMIT_LOC_STRINGS = NO;
				SWIFT_VERSION = 5.0;
				TARGETED_DEVICE_FAMILY = "1,2";
				TEST_TARGET_NAME = DefineXHomeAssigment;
			};
			name = Debug;
		};
		CB0235F62D3001BD00B12729 /* Release */ = {
			isa = XCBuildConfiguration;
			buildSettings = {
				CODE_SIGN_STYLE = Automatic;
				CURRENT_PROJECT_VERSION = 1;
				DEVELOPMENT_TEAM = QDC8RAVSGM;
				GENERATE_INFOPLIST_FILE = YES;
				MARKETING_VERSION = 1.0;
				PRODUCT_BUNDLE_IDENTIFIER = AppWess.DefineXHomeAssigmentUITests;
				PRODUCT_NAME = "$(TARGET_NAME)";
				SWIFT_EMIT_LOC_STRINGS = NO;
				SWIFT_VERSION = 5.0;
				TARGETED_DEVICE_FAMILY = "1,2";
				TEST_TARGET_NAME = DefineXHomeAssigment;
			};
			name = Release;
		};
/* End XCBuildConfiguration section */

/* Begin XCConfigurationList section */
		CB0235BE2D3001BC00B12729 /* Build configuration list for PBXProject "DefineXHomeAssigment" */ = {
			isa = XCConfigurationList;
			buildConfigurations = (
				CB0235EF2D3001BD00B12729 /* Debug */,
				CB0235F02D3001BD00B12729 /* Release */,
			);
			defaultConfigurationIsVisible = 0;
			defaultConfigurationName = Release;
		};
		CB0235EC2D3001BD00B12729 /* Build configuration list for PBXNativeTarget "DefineXHomeAssigment" */ = {
			isa = XCConfigurationList;
			buildConfigurations = (
				CB0235ED2D3001BD00B12729 /* Debug */,
				CB0235EE2D3001BD00B12729 /* Release */,
			);
			defaultConfigurationIsVisible = 0;
			defaultConfigurationName = Release;
		};
		CB0235F12D3001BD00B12729 /* Build configuration list for PBXNativeTarget "DefineXHomeAssigmentTests" */ = {
			isa = XCConfigurationList;
			buildConfigurations = (
				CB0235F22D3001BD00B12729 /* Debug */,
				CB0235F32D3001BD00B12729 /* Release */,
			);
			defaultConfigurationIsVisible = 0;
			defaultConfigurationName = Release;
		};
		CB0235F42D3001BD00B12729 /* Build configuration list for PBXNativeTarget "DefineXHomeAssigmentUITests" */ = {
			isa = XCConfigurationList;
			buildConfigurations = (
				CB0235F52D3001BD00B12729 /* Debug */,
				CB0235F62D3001BD00B12729 /* Release */,
			);
			defaultConfigurationIsVisible = 0;
			defaultConfigurationName = Release;
		};
/* End XCConfigurationList section */

/* Begin XCRemoteSwiftPackageReference section */
		CB0236432D300ED200B12729 /* XCRemoteSwiftPackageReference "SnapKit" */ = {
			isa = XCRemoteSwiftPackageReference;
			repositoryURL = "https://github.com/SnapKit/SnapKit.git";
			requirement = {
				kind = upToNextMajorVersion;
				minimumVersion = 5.7.1;
			};
		};
		CB0236442D300F9600B12729 /* XCRemoteSwiftPackageReference "firebase-ios-sdk" */ = {
			isa = XCRemoteSwiftPackageReference;
			repositoryURL = "https://github.com/firebase/firebase-ios-sdk.git";
			requirement = {
				kind = upToNextMajorVersion;
				minimumVersion = 11.6.0;
			};
		};
		CB0236852D30235800B12729 /* XCRemoteSwiftPackageReference "SDWebImage" */ = {
			isa = XCRemoteSwiftPackageReference;
			repositoryURL = "https://github.com/SDWebImage/SDWebImage.git";
			requirement = {
				kind = upToNextMajorVersion;
				minimumVersion = 5.20.0;
			};
		};
/* End XCRemoteSwiftPackageReference section */

/* Begin XCSwiftPackageProductDependency section */
		CB0236462D300FCA00B12729 /* FirebaseAnalytics */ = {
			isa = XCSwiftPackageProductDependency;
			package = CB0236442D300F9600B12729 /* XCRemoteSwiftPackageReference "firebase-ios-sdk" */;
			productName = FirebaseAnalytics;
		};
		CB0236482D300FDA00B12729 /* FirebaseCrashlytics */ = {
			isa = XCSwiftPackageProductDependency;
			package = CB0236442D300F9600B12729 /* XCRemoteSwiftPackageReference "firebase-ios-sdk" */;
			productName = FirebaseCrashlytics;
		};
		CB02364A2D300FE300B12729 /* SnapKit */ = {
			isa = XCSwiftPackageProductDependency;
			package = CB0236432D300ED200B12729 /* XCRemoteSwiftPackageReference "SnapKit" */;
			productName = SnapKit;
		};
		CB02364C2D30101400B12729 /* FirebaseCore */ = {
			isa = XCSwiftPackageProductDependency;
			package = CB0236442D300F9600B12729 /* XCRemoteSwiftPackageReference "firebase-ios-sdk" */;
			productName = FirebaseCore;
		};
		CB0236502D30104C00B12729 /* FirebaseAnalyticsWithoutAdIdSupport */ = {
			isa = XCSwiftPackageProductDependency;
			package = CB0236442D300F9600B12729 /* XCRemoteSwiftPackageReference "firebase-ios-sdk" */;
			productName = FirebaseAnalyticsWithoutAdIdSupport;
		};
		CB0236522D30104C00B12729 /* FirebaseAppCheck */ = {
			isa = XCSwiftPackageProductDependency;
			package = CB0236442D300F9600B12729 /* XCRemoteSwiftPackageReference "firebase-ios-sdk" */;
			productName = FirebaseAppCheck;
		};
		CB0236542D30104C00B12729 /* FirebaseAppDistribution-Beta */ = {
			isa = XCSwiftPackageProductDependency;
			package = CB0236442D300F9600B12729 /* XCRemoteSwiftPackageReference "firebase-ios-sdk" */;
			productName = "FirebaseAppDistribution-Beta";
		};
		CB0236562D30104C00B12729 /* FirebaseAuth */ = {
			isa = XCSwiftPackageProductDependency;
			package = CB0236442D300F9600B12729 /* XCRemoteSwiftPackageReference "firebase-ios-sdk" */;
			productName = FirebaseAuth;
		};
		CB0236582D30104C00B12729 /* FirebaseAuthCombine-Community */ = {
			isa = XCSwiftPackageProductDependency;
			package = CB0236442D300F9600B12729 /* XCRemoteSwiftPackageReference "firebase-ios-sdk" */;
			productName = "FirebaseAuthCombine-Community";
		};
		CB02365C2D30104C00B12729 /* FirebaseDynamicLinks */ = {
			isa = XCSwiftPackageProductDependency;
			package = CB0236442D300F9600B12729 /* XCRemoteSwiftPackageReference "firebase-ios-sdk" */;
			productName = FirebaseDynamicLinks;
		};
		CB02365E2D30104C00B12729 /* FirebaseFirestore */ = {
			isa = XCSwiftPackageProductDependency;
			package = CB0236442D300F9600B12729 /* XCRemoteSwiftPackageReference "firebase-ios-sdk" */;
			productName = FirebaseFirestore;
		};
		CB0236602D30104C00B12729 /* FirebaseFirestoreCombine-Community */ = {
			isa = XCSwiftPackageProductDependency;
			package = CB0236442D300F9600B12729 /* XCRemoteSwiftPackageReference "firebase-ios-sdk" */;
			productName = "FirebaseFirestoreCombine-Community";
		};
		CB0236622D30104C00B12729 /* FirebaseFunctions */ = {
			isa = XCSwiftPackageProductDependency;
			package = CB0236442D300F9600B12729 /* XCRemoteSwiftPackageReference "firebase-ios-sdk" */;
			productName = FirebaseFunctions;
		};
		CB0236662D30104C00B12729 /* FirebaseInAppMessaging-Beta */ = {
			isa = XCSwiftPackageProductDependency;
			package = CB0236442D300F9600B12729 /* XCRemoteSwiftPackageReference "firebase-ios-sdk" */;
			productName = "FirebaseInAppMessaging-Beta";
		};
		CB02366A2D30104C00B12729 /* FirebaseMessaging */ = {
			isa = XCSwiftPackageProductDependency;
			package = CB0236442D300F9600B12729 /* XCRemoteSwiftPackageReference "firebase-ios-sdk" */;
			productName = FirebaseMessaging;
		};
		CB02366E2D30104C00B12729 /* FirebasePerformance */ = {
			isa = XCSwiftPackageProductDependency;
			package = CB0236442D300F9600B12729 /* XCRemoteSwiftPackageReference "firebase-ios-sdk" */;
			productName = FirebasePerformance;
		};
		CB0236702D30104C00B12729 /* FirebaseRemoteConfig */ = {
			isa = XCSwiftPackageProductDependency;
			package = CB0236442D300F9600B12729 /* XCRemoteSwiftPackageReference "firebase-ios-sdk" */;
			productName = FirebaseRemoteConfig;
		};
		CB0236742D30104C00B12729 /* FirebaseStorageCombine-Community */ = {
			isa = XCSwiftPackageProductDependency;
			package = CB0236442D300F9600B12729 /* XCRemoteSwiftPackageReference "firebase-ios-sdk" */;
			productName = "FirebaseStorageCombine-Community";
		};
		CB0236762D30104C00B12729 /* FirebaseVertexAI */ = {
			isa = XCSwiftPackageProductDependency;
			package = CB0236442D300F9600B12729 /* XCRemoteSwiftPackageReference "firebase-ios-sdk" */;
			productName = FirebaseVertexAI;
		};
		CB0236862D30235800B12729 /* SDWebImage */ = {
			isa = XCSwiftPackageProductDependency;
			package = CB0236852D30235800B12729 /* XCRemoteSwiftPackageReference "SDWebImage" */;
			productName = SDWebImage;
		};
/* End XCSwiftPackageProductDependency section */
	};
	rootObject = CB0235BB2D3001BC00B12729 /* Project object */;
}
